PODS:
  - APIKit (2.0.1):
    - Result (~> 2.0.0)
  - Himotoki (2.0.1)
  - QueryKit (0.12.1)
  - Realm (1.0.1):
    - Realm/Headers (= 1.0.1)
  - Realm/Headers (1.0.1)
  - RealmSwift (1.0.1):
    - Realm (= 1.0.1)
  - Result (2.0.0)
  - RxCocoa (2.5.0):
    - RxSwift (~> 2.5)
  - RxSwift (2.5.0)
  - SDWebImage (3.8.1):
    - SDWebImage/Core (= 3.8.1)
  - SDWebImage/Core (3.8.1)
  - SnapKit (0.21.1)
  - Timepiece (0.4.2)

DEPENDENCIES:
  - APIKit
  - Himotoki
  - QueryKit
  - RealmSwift
  - RxCocoa
  - RxSwift
  - SDWebImage
  - SnapKit
  - Timepiece

SPEC CHECKSUMS:
  APIKit: 7b61788273235bab213477b22f1897872047da10
  Himotoki: 21fa47e457cc7da39996fe7825a0e97b00344cf1
  QueryKit: 6a8dbe9f33ffac00c424143695681a949b58518d
  Realm: 2e15e39d35b08abb529e212ed5d8af107b5236c8
  RealmSwift: d73ea2af08c3676dbdd5e4b669651a0f492162a4
  Result: 9e75e1111c774c6ac594e14907b15057053a7959
  RxCocoa: e1b1562e57a554d0fb2aabf9d71b637f177257c7
  RxSwift: 402b41a50e922a0368fc14cb3bc9f4427920e8ae
  SDWebImage: 35f9627a3e44b4f292a8a8ce6a531fa488239b91
  SnapKit: bbad04cb016c7cead63965f16b00c09318d271ee
  Timepiece: cf53bb908bf542acc0e3d5f69cabfed869df4ebd

PODFILE CHECKSUM: 528772e0e0615d877f38d20ddee23858fe2be45d

COCOAPODS: 1.0.1
