<?xml version="1.0" encoding="UTF-8"?>
<!DOCTYPE plist PUBLIC "-//Apple//DTD PLIST 1.0//EN" "http://www.apple.com/DTDs/PropertyList-1.0.dtd">
<plist version="1.0">
<dict>
	<key>archiveVersion</key>
	<string>1</string>
	<key>classes</key>
	<dict/>
	<key>objectVersion</key>
	<string>46</string>
	<key>objects</key>
	<dict>
		<key>01EBFC9C39380579C978C8B9</key>
		<dict>
			<key>children</key>
			<array>
				<string>C8EAAFD30FFD7035B0683510</string>
				<string>75C9E2A1ACB5199EA49BF3E0</string>
			</array>
			<key>isa</key>
			<string>PBXGroup</string>
			<key>name</key>
			<string>Frameworks</string>
			<key>sourceTree</key>
			<string>&lt;group&gt;</string>
		</dict>
		<key>0577185D1BF00CAB925C86BF</key>
		<dict>
			<key>includeInIndex</key>
			<string>1</string>
			<key>isa</key>
			<string>PBXFileReference</string>
			<key>lastKnownFileType</key>
			<string>text.xcconfig</string>
			<key>name</key>
			<string>Pods-iTunesMusic.release.xcconfig</string>
			<key>path</key>
			<string>Pods/Target Support Files/Pods-iTunesMusic/Pods-iTunesMusic.release.xcconfig</string>
			<key>sourceTree</key>
			<string>&lt;group&gt;</string>
		</dict>
		<key>0E80505F965D0D6DA63B2C35</key>
		<dict>
			<key>buildActionMask</key>
			<string>2147483647</string>
			<key>files</key>
			<array/>
			<key>inputPaths</key>
			<array/>
			<key>isa</key>
			<string>PBXShellScriptBuildPhase</string>
			<key>name</key>
			<string>Embed Pods Frameworks</string>
			<key>outputPaths</key>
			<array/>
			<key>runOnlyForDeploymentPostprocessing</key>
			<string>0</string>
			<key>shellPath</key>
			<string>/bin/sh</string>
			<key>shellScript</key>
			<string>"${SRCROOT}/Pods/Target Support Files/Pods-Demo/Pods-Demo-frameworks.sh"
</string>
			<key>showEnvVarsInLog</key>
			<string>0</string>
		</dict>
		<key>75C9E2A1ACB5199EA49BF3E0</key>
		<dict>
			<key>explicitFileType</key>
			<string>wrapper.framework</string>
			<key>includeInIndex</key>
			<string>0</string>
			<key>isa</key>
			<string>PBXFileReference</string>
			<key>path</key>
			<string>Pods_Demo.framework</string>
			<key>sourceTree</key>
			<string>BUILT_PRODUCTS_DIR</string>
		</dict>
		<key>7619CE36DF732E3115A9728B</key>
		<dict>
			<key>includeInIndex</key>
			<string>1</string>
			<key>isa</key>
			<string>PBXFileReference</string>
			<key>lastKnownFileType</key>
			<string>text.xcconfig</string>
			<key>name</key>
			<string>Pods-Demo.debug.xcconfig</string>
			<key>path</key>
			<string>Pods/Target Support Files/Pods-Demo/Pods-Demo.debug.xcconfig</string>
			<key>sourceTree</key>
			<string>&lt;group&gt;</string>
		</dict>
		<key>9A0B3F61D2B3B43B8EF3659E</key>
		<dict>
			<key>fileRef</key>
			<string>75C9E2A1ACB5199EA49BF3E0</string>
			<key>isa</key>
			<string>PBXBuildFile</string>
		</dict>
		<key>9B5CC4E472D33843297E7960</key>
		<dict>
			<key>includeInIndex</key>
			<string>1</string>
			<key>isa</key>
			<string>PBXFileReference</string>
			<key>lastKnownFileType</key>
			<string>text.xcconfig</string>
			<key>name</key>
			<string>Pods-iTunesMusic.debug.xcconfig</string>
			<key>path</key>
			<string>Pods/Target Support Files/Pods-iTunesMusic/Pods-iTunesMusic.debug.xcconfig</string>
			<key>sourceTree</key>
			<string>&lt;group&gt;</string>
		</dict>
		<key>A91249C29CAE4F26CFD15A6D</key>
		<dict>
			<key>children</key>
			<array>
				<string>9B5CC4E472D33843297E7960</string>
				<string>0577185D1BF00CAB925C86BF</string>
				<string>7619CE36DF732E3115A9728B</string>
				<string>B053F27C9996AB1ACE457E75</string>
			</array>
			<key>isa</key>
			<string>PBXGroup</string>
			<key>name</key>
			<string>Pods</string>
			<key>sourceTree</key>
			<string>&lt;group&gt;</string>
		</dict>
		<key>B053F27C9996AB1ACE457E75</key>
		<dict>
			<key>includeInIndex</key>
			<string>1</string>
			<key>isa</key>
			<string>PBXFileReference</string>
			<key>lastKnownFileType</key>
			<string>text.xcconfig</string>
			<key>name</key>
			<string>Pods-Demo.release.xcconfig</string>
			<key>path</key>
			<string>Pods/Target Support Files/Pods-Demo/Pods-Demo.release.xcconfig</string>
			<key>sourceTree</key>
			<string>&lt;group&gt;</string>
		</dict>
		<key>B38ECA892529D0B8FEC6D0C3</key>
		<dict>
			<key>buildActionMask</key>
			<string>2147483647</string>
			<key>files</key>
			<array/>
			<key>inputPaths</key>
			<array/>
			<key>isa</key>
			<string>PBXShellScriptBuildPhase</string>
			<key>name</key>
			<string>Check Pods Manifest.lock</string>
			<key>outputPaths</key>
			<array/>
			<key>runOnlyForDeploymentPostprocessing</key>
			<string>0</string>
			<key>shellPath</key>
			<string>/bin/sh</string>
			<key>shellScript</key>
			<string>diff "${PODS_ROOT}/../Podfile.lock" "${PODS_ROOT}/Manifest.lock" &gt; /dev/null
if [[ $? != 0 ]] ; then
    cat &lt;&lt; EOM
error: The sandbox is not in sync with the Podfile.lock. Run 'pod install' or update your CocoaPods installation.
EOM
    exit 1
fi
</string>
			<key>showEnvVarsInLog</key>
			<string>0</string>
		</dict>
		<key>B6F4750F4055DA842770F2B2</key>
		<dict>
			<key>fileRef</key>
			<string>C8EAAFD30FFD7035B0683510</string>
			<key>isa</key>
			<string>PBXBuildFile</string>
		</dict>
		<key>B9491C6A3FDC87D028AC7DB5</key>
		<dict>
			<key>buildActionMask</key>
			<string>2147483647</string>
			<key>files</key>
			<array/>
			<key>inputPaths</key>
			<array/>
			<key>isa</key>
			<string>PBXShellScriptBuildPhase</string>
			<key>name</key>
			<string>Copy Pods Resources</string>
			<key>outputPaths</key>
			<array/>
			<key>runOnlyForDeploymentPostprocessing</key>
			<string>0</string>
			<key>shellPath</key>
			<string>/bin/sh</string>
			<key>shellScript</key>
			<string>"${SRCROOT}/Pods/Target Support Files/Pods-Demo/Pods-Demo-resources.sh"
</string>
			<key>showEnvVarsInLog</key>
			<string>0</string>
		</dict>
		<key>C54E46BB550A9BBB068AF287</key>
		<dict>
			<key>buildActionMask</key>
			<string>2147483647</string>
			<key>files</key>
			<array/>
			<key>inputPaths</key>
			<array/>
			<key>isa</key>
			<string>PBXShellScriptBuildPhase</string>
			<key>name</key>
			<string>Check Pods Manifest.lock</string>
			<key>outputPaths</key>
			<array/>
			<key>runOnlyForDeploymentPostprocessing</key>
			<string>0</string>
			<key>shellPath</key>
			<string>/bin/sh</string>
			<key>shellScript</key>
			<string>diff "${PODS_ROOT}/../Podfile.lock" "${PODS_ROOT}/Manifest.lock" &gt; /dev/null
if [[ $? != 0 ]] ; then
    cat &lt;&lt; EOM
error: The sandbox is not in sync with the Podfile.lock. Run 'pod install' or update your CocoaPods installation.
EOM
    exit 1
fi
</string>
			<key>showEnvVarsInLog</key>
			<string>0</string>
		</dict>
		<key>C8EAAFD30FFD7035B0683510</key>
		<dict>
			<key>explicitFileType</key>
			<string>wrapper.framework</string>
			<key>includeInIndex</key>
			<string>0</string>
			<key>isa</key>
			<string>PBXFileReference</string>
			<key>path</key>
			<string>Pods_iTunesMusic.framework</string>
			<key>sourceTree</key>
			<string>BUILT_PRODUCTS_DIR</string>
		</dict>
		<key>CEED801B4260547F07F0D251</key>
		<dict>
			<key>buildActionMask</key>
			<string>2147483647</string>
			<key>files</key>
			<array/>
			<key>inputPaths</key>
			<array/>
			<key>isa</key>
			<string>PBXShellScriptBuildPhase</string>
			<key>name</key>
			<string>Copy Pods Resources</string>
			<key>outputPaths</key>
			<array/>
			<key>runOnlyForDeploymentPostprocessing</key>
			<string>0</string>
			<key>shellPath</key>
			<string>/bin/sh</string>
			<key>shellScript</key>
			<string>"${SRCROOT}/Pods/Target Support Files/Pods-iTunesMusic/Pods-iTunesMusic-resources.sh"
</string>
			<key>showEnvVarsInLog</key>
			<string>0</string>
		</dict>
		<key>D91B42691D043D5A00AAAD58</key>
		<dict>
			<key>children</key>
			<array>
				<string>D91B429B1D07139800AAAD58</string>
				<string>D91B428D1D043D6400AAAD58</string>
				<string>D91B42751D043D5A00AAAD58</string>
				<string>D91B42811D043D5B00AAAD58</string>
				<string>D929E4521D1EE9500045C316</string>
				<string>D929E4671D1EE9510045C316</string>
				<string>D91B42741D043D5A00AAAD58</string>
				<string>A91249C29CAE4F26CFD15A6D</string>
				<string>01EBFC9C39380579C978C8B9</string>
			</array>
			<key>isa</key>
			<string>PBXGroup</string>
			<key>sourceTree</key>
			<string>&lt;group&gt;</string>
		</dict>
		<key>D91B426A1D043D5A00AAAD58</key>
		<dict>
			<key>attributes</key>
			<dict>
				<key>LastSwiftUpdateCheck</key>
				<string>0730</string>
				<key>LastUpgradeCheck</key>
				<string>0730</string>
				<key>ORGANIZATIONNAME</key>
				<string>jp.sora0077</string>
				<key>TargetAttributes</key>
				<dict>
					<key>D91B42721D043D5A00AAAD58</key>
					<dict>
						<key>CreatedOnToolsVersion</key>
						<string>7.3.1</string>
					</dict>
					<key>D91B427C1D043D5B00AAAD58</key>
					<dict>
						<key>CreatedOnToolsVersion</key>
						<string>7.3.1</string>
					</dict>
					<key>D929E4501D1EE9500045C316</key>
					<dict>
						<key>CreatedOnToolsVersion</key>
						<string>7.3.1</string>
					</dict>
					<key>D929E4631D1EE9510045C316</key>
					<dict>
						<key>CreatedOnToolsVersion</key>
						<string>7.3.1</string>
						<key>TestTargetID</key>
						<string>D929E4501D1EE9500045C316</string>
					</dict>
				</dict>
			</dict>
			<key>buildConfigurationList</key>
			<string>D91B426D1D043D5A00AAAD58</string>
			<key>compatibilityVersion</key>
			<string>Xcode 3.2</string>
			<key>developmentRegion</key>
			<string>English</string>
			<key>hasScannedForEncodings</key>
			<string>0</string>
			<key>isa</key>
			<string>PBXProject</string>
			<key>knownRegions</key>
			<array>
				<string>en</string>
				<string>Base</string>
			</array>
			<key>mainGroup</key>
			<string>D91B42691D043D5A00AAAD58</string>
			<key>productRefGroup</key>
			<string>D91B42741D043D5A00AAAD58</string>
			<key>projectDirPath</key>
			<string></string>
			<key>projectReferences</key>
			<array/>
			<key>projectRoot</key>
			<string></string>
			<key>targets</key>
			<array>
				<string>D91B42721D043D5A00AAAD58</string>
				<string>D91B427C1D043D5B00AAAD58</string>
				<string>D929E4501D1EE9500045C316</string>
				<string>D929E4631D1EE9510045C316</string>
			</array>
		</dict>
		<key>D91B426D1D043D5A00AAAD58</key>
		<dict>
			<key>buildConfigurations</key>
			<array>
				<string>D91B42851D043D5B00AAAD58</string>
				<string>D91B42861D043D5B00AAAD58</string>
			</array>
			<key>defaultConfigurationIsVisible</key>
			<string>0</string>
			<key>defaultConfigurationName</key>
			<string>Release</string>
			<key>isa</key>
			<string>XCConfigurationList</string>
		</dict>
		<key>D91B426E1D043D5A00AAAD58</key>
		<dict>
			<key>buildActionMask</key>
			<string>2147483647</string>
			<key>files</key>
			<array>
				<string>D9FD12EE1D18324F0010E81D</string>
				<string>D91B429E1D0862DA00AAAD58</string>
				<string>D9542EF71D136A450073C8EE</string>
				<string>D91B42951D05BBDB00AAAD58</string>
				<string>D929E44C1D1E51060045C316</string>
				<string>D929E4481D1C44C70045C316</string>
				<string>D91B42A41D0CFA2700AAAD58</string>
				<string>D9542EFF1D15189A0073C8EE</string>
				<string>D9FD12F01D1C2C610010E81D</string>
				<string>D9542EF51D12DB370073C8EE</string>
				<string>D91B42981D07085300AAAD58</string>
				<string>D91B42A81D0EFBF700AAAD58</string>
				<string>D9FD12E81D16E9B60010E81D</string>
				<string>D9FD12EC1D1831D50010E81D</string>
				<string>D9FD12EA1D182F930010E81D</string>
				<string>D929E44A1D1C44E50045C316</string>
				<string>D91B42A01D08640800AAAD58</string>
				<string>D91B429A1D070FA600AAAD58</string>
				<string>D9542F011D1518B90073C8EE</string>
				<string>D9542EFE1D15189A0073C8EE</string>
				<string>D91B42901D044AE600AAAD58</string>
				<string>D9FD12E61D16D3CD0010E81D</string>
				<string>D91B42A21D0C5D9600AAAD58</string>
				<string>D91B42AA1D0EFCD700AAAD58</string>
			</array>
			<key>isa</key>
			<string>PBXSourcesBuildPhase</string>
			<key>runOnlyForDeploymentPostprocessing</key>
			<string>0</string>
		</dict>
		<key>D91B426F1D043D5A00AAAD58</key>
		<dict>
			<key>buildActionMask</key>
			<string>2147483647</string>
			<key>files</key>
			<array>
				<string>B6F4750F4055DA842770F2B2</string>
			</array>
			<key>isa</key>
			<string>PBXFrameworksBuildPhase</string>
			<key>runOnlyForDeploymentPostprocessing</key>
			<string>0</string>
		</dict>
		<key>D91B42701D043D5A00AAAD58</key>
		<dict>
			<key>buildActionMask</key>
			<string>2147483647</string>
			<key>files</key>
			<array>
				<string>D91B42771D043D5A00AAAD58</string>
			</array>
			<key>isa</key>
			<string>PBXHeadersBuildPhase</string>
			<key>runOnlyForDeploymentPostprocessing</key>
			<string>0</string>
		</dict>
		<key>D91B42711D043D5A00AAAD58</key>
		<dict>
			<key>buildActionMask</key>
			<string>2147483647</string>
			<key>files</key>
			<array/>
			<key>isa</key>
			<string>PBXResourcesBuildPhase</string>
			<key>runOnlyForDeploymentPostprocessing</key>
			<string>0</string>
		</dict>
		<key>D91B42721D043D5A00AAAD58</key>
		<dict>
			<key>buildConfigurationList</key>
			<string>D91B42871D043D5B00AAAD58</string>
			<key>buildPhases</key>
			<array>
				<string>C54E46BB550A9BBB068AF287</string>
				<string>D91B426E1D043D5A00AAAD58</string>
				<string>D91B426F1D043D5A00AAAD58</string>
				<string>D91B42701D043D5A00AAAD58</string>
				<string>D91B42711D043D5A00AAAD58</string>
				<string>CEED801B4260547F07F0D251</string>
			</array>
			<key>buildRules</key>
			<array/>
			<key>dependencies</key>
			<array/>
			<key>isa</key>
			<string>PBXNativeTarget</string>
			<key>name</key>
			<string>iTunesMusic</string>
			<key>productName</key>
			<string>iTunesMusic</string>
			<key>productReference</key>
			<string>D91B42731D043D5A00AAAD58</string>
			<key>productType</key>
			<string>com.apple.product-type.framework</string>
		</dict>
		<key>D91B42731D043D5A00AAAD58</key>
		<dict>
			<key>explicitFileType</key>
			<string>wrapper.framework</string>
			<key>includeInIndex</key>
			<string>0</string>
			<key>isa</key>
			<string>PBXFileReference</string>
			<key>path</key>
			<string>iTunesMusic.framework</string>
			<key>sourceTree</key>
			<string>BUILT_PRODUCTS_DIR</string>
		</dict>
		<key>D91B42741D043D5A00AAAD58</key>
		<dict>
			<key>children</key>
			<array>
				<string>D91B42731D043D5A00AAAD58</string>
				<string>D91B427D1D043D5B00AAAD58</string>
				<string>D929E4511D1EE9500045C316</string>
				<string>D929E4641D1EE9510045C316</string>
			</array>
			<key>isa</key>
			<string>PBXGroup</string>
			<key>name</key>
			<string>Products</string>
			<key>sourceTree</key>
			<string>&lt;group&gt;</string>
		</dict>
		<key>D91B42751D043D5A00AAAD58</key>
		<dict>
			<key>children</key>
			<array>
				<string>D91B42761D043D5A00AAAD58</string>
				<string>D91B42781D043D5A00AAAD58</string>
			</array>
			<key>isa</key>
			<string>PBXGroup</string>
			<key>path</key>
			<string>iTunesMusic</string>
			<key>sourceTree</key>
			<string>&lt;group&gt;</string>
		</dict>
		<key>D91B42761D043D5A00AAAD58</key>
		<dict>
			<key>isa</key>
			<string>PBXFileReference</string>
			<key>lastKnownFileType</key>
			<string>sourcecode.c.h</string>
			<key>path</key>
			<string>iTunesMusic.h</string>
			<key>sourceTree</key>
			<string>&lt;group&gt;</string>
		</dict>
		<key>D91B42771D043D5A00AAAD58</key>
		<dict>
			<key>fileRef</key>
			<string>D91B42761D043D5A00AAAD58</string>
			<key>isa</key>
			<string>PBXBuildFile</string>
			<key>settings</key>
			<dict>
				<key>ATTRIBUTES</key>
				<array>
					<string>Public</string>
				</array>
			</dict>
		</dict>
		<key>D91B42781D043D5A00AAAD58</key>
		<dict>
			<key>isa</key>
			<string>PBXFileReference</string>
			<key>lastKnownFileType</key>
			<string>text.plist.xml</string>
			<key>path</key>
			<string>Info.plist</string>
			<key>sourceTree</key>
			<string>&lt;group&gt;</string>
		</dict>
		<key>D91B42791D043D5B00AAAD58</key>
		<dict>
			<key>buildActionMask</key>
			<string>2147483647</string>
			<key>files</key>
			<array>
				<string>D91B42831D043D5B00AAAD58</string>
			</array>
			<key>isa</key>
			<string>PBXSourcesBuildPhase</string>
			<key>runOnlyForDeploymentPostprocessing</key>
			<string>0</string>
		</dict>
		<key>D91B427A1D043D5B00AAAD58</key>
		<dict>
			<key>buildActionMask</key>
			<string>2147483647</string>
			<key>files</key>
			<array>
				<string>D91B427E1D043D5B00AAAD58</string>
			</array>
			<key>isa</key>
			<string>PBXFrameworksBuildPhase</string>
			<key>runOnlyForDeploymentPostprocessing</key>
			<string>0</string>
		</dict>
		<key>D91B427B1D043D5B00AAAD58</key>
		<dict>
			<key>buildActionMask</key>
			<string>2147483647</string>
			<key>files</key>
			<array/>
			<key>isa</key>
			<string>PBXResourcesBuildPhase</string>
			<key>runOnlyForDeploymentPostprocessing</key>
			<string>0</string>
		</dict>
		<key>D91B427C1D043D5B00AAAD58</key>
		<dict>
			<key>buildConfigurationList</key>
			<string>D91B428A1D043D5B00AAAD58</string>
			<key>buildPhases</key>
			<array>
				<string>D91B42791D043D5B00AAAD58</string>
				<string>D91B427A1D043D5B00AAAD58</string>
				<string>D91B427B1D043D5B00AAAD58</string>
			</array>
			<key>buildRules</key>
			<array/>
			<key>dependencies</key>
			<array>
				<string>D91B42801D043D5B00AAAD58</string>
			</array>
			<key>isa</key>
			<string>PBXNativeTarget</string>
			<key>name</key>
			<string>iTunesMusicTests</string>
			<key>productName</key>
			<string>iTunesMusicTests</string>
			<key>productReference</key>
			<string>D91B427D1D043D5B00AAAD58</string>
			<key>productType</key>
			<string>com.apple.product-type.bundle.unit-test</string>
		</dict>
		<key>D91B427D1D043D5B00AAAD58</key>
		<dict>
			<key>explicitFileType</key>
			<string>wrapper.cfbundle</string>
			<key>includeInIndex</key>
			<string>0</string>
			<key>isa</key>
			<string>PBXFileReference</string>
			<key>path</key>
			<string>iTunesMusicTests.xctest</string>
			<key>sourceTree</key>
			<string>BUILT_PRODUCTS_DIR</string>
		</dict>
		<key>D91B427E1D043D5B00AAAD58</key>
		<dict>
			<key>fileRef</key>
			<string>D91B42731D043D5A00AAAD58</string>
			<key>isa</key>
			<string>PBXBuildFile</string>
		</dict>
		<key>D91B427F1D043D5B00AAAD58</key>
		<dict>
			<key>containerPortal</key>
			<string>D91B426A1D043D5A00AAAD58</string>
			<key>isa</key>
			<string>PBXContainerItemProxy</string>
			<key>proxyType</key>
			<string>1</string>
			<key>remoteGlobalIDString</key>
			<string>D91B42721D043D5A00AAAD58</string>
			<key>remoteInfo</key>
			<string>iTunesMusic</string>
		</dict>
		<key>D91B42801D043D5B00AAAD58</key>
		<dict>
			<key>isa</key>
			<string>PBXTargetDependency</string>
			<key>target</key>
			<string>D91B42721D043D5A00AAAD58</string>
			<key>targetProxy</key>
			<string>D91B427F1D043D5B00AAAD58</string>
		</dict>
		<key>D91B42811D043D5B00AAAD58</key>
		<dict>
			<key>children</key>
			<array>
				<string>D91B42821D043D5B00AAAD58</string>
				<string>D91B42841D043D5B00AAAD58</string>
			</array>
			<key>isa</key>
			<string>PBXGroup</string>
			<key>path</key>
			<string>iTunesMusicTests</string>
			<key>sourceTree</key>
			<string>&lt;group&gt;</string>
		</dict>
		<key>D91B42821D043D5B00AAAD58</key>
		<dict>
			<key>isa</key>
			<string>PBXFileReference</string>
			<key>lastKnownFileType</key>
			<string>sourcecode.swift</string>
			<key>path</key>
			<string>iTunesMusicTests.swift</string>
			<key>sourceTree</key>
			<string>&lt;group&gt;</string>
		</dict>
		<key>D91B42831D043D5B00AAAD58</key>
		<dict>
			<key>fileRef</key>
			<string>D91B42821D043D5B00AAAD58</string>
			<key>isa</key>
			<string>PBXBuildFile</string>
		</dict>
		<key>D91B42841D043D5B00AAAD58</key>
		<dict>
			<key>isa</key>
			<string>PBXFileReference</string>
			<key>lastKnownFileType</key>
			<string>text.plist.xml</string>
			<key>path</key>
			<string>Info.plist</string>
			<key>sourceTree</key>
			<string>&lt;group&gt;</string>
		</dict>
		<key>D91B42851D043D5B00AAAD58</key>
		<dict>
			<key>buildSettings</key>
			<dict>
				<key>ALWAYS_SEARCH_USER_PATHS</key>
				<string>NO</string>
				<key>CLANG_ANALYZER_NONNULL</key>
				<string>YES</string>
				<key>CLANG_CXX_LANGUAGE_STANDARD</key>
				<string>gnu++0x</string>
				<key>CLANG_CXX_LIBRARY</key>
				<string>libc++</string>
				<key>CLANG_ENABLE_MODULES</key>
				<string>YES</string>
				<key>CLANG_ENABLE_OBJC_ARC</key>
				<string>YES</string>
				<key>CLANG_WARN_BOOL_CONVERSION</key>
				<string>YES</string>
				<key>CLANG_WARN_CONSTANT_CONVERSION</key>
				<string>YES</string>
				<key>CLANG_WARN_DIRECT_OBJC_ISA_USAGE</key>
				<string>YES_ERROR</string>
				<key>CLANG_WARN_EMPTY_BODY</key>
				<string>YES</string>
				<key>CLANG_WARN_ENUM_CONVERSION</key>
				<string>YES</string>
				<key>CLANG_WARN_INT_CONVERSION</key>
				<string>YES</string>
				<key>CLANG_WARN_OBJC_ROOT_CLASS</key>
				<string>YES_ERROR</string>
				<key>CLANG_WARN_UNREACHABLE_CODE</key>
				<string>YES</string>
				<key>CLANG_WARN__DUPLICATE_METHOD_MATCH</key>
				<string>YES</string>
				<key>CODE_SIGN_IDENTITY[sdk=iphoneos*]</key>
				<string>iPhone Developer</string>
				<key>COPY_PHASE_STRIP</key>
				<string>NO</string>
				<key>CURRENT_PROJECT_VERSION</key>
				<string>1</string>
				<key>DEBUG_INFORMATION_FORMAT</key>
				<string>dwarf</string>
				<key>ENABLE_STRICT_OBJC_MSGSEND</key>
				<string>YES</string>
				<key>ENABLE_TESTABILITY</key>
				<string>YES</string>
				<key>GCC_C_LANGUAGE_STANDARD</key>
				<string>gnu99</string>
				<key>GCC_DYNAMIC_NO_PIC</key>
				<string>NO</string>
				<key>GCC_NO_COMMON_BLOCKS</key>
				<string>YES</string>
				<key>GCC_OPTIMIZATION_LEVEL</key>
				<string>0</string>
				<key>GCC_PREPROCESSOR_DEFINITIONS</key>
				<array>
					<string>DEBUG=1</string>
					<string>$(inherited)</string>
				</array>
				<key>GCC_WARN_64_TO_32_BIT_CONVERSION</key>
				<string>YES</string>
				<key>GCC_WARN_ABOUT_RETURN_TYPE</key>
				<string>YES_ERROR</string>
				<key>GCC_WARN_UNDECLARED_SELECTOR</key>
				<string>YES</string>
				<key>GCC_WARN_UNINITIALIZED_AUTOS</key>
				<string>YES_AGGRESSIVE</string>
				<key>GCC_WARN_UNUSED_FUNCTION</key>
				<string>YES</string>
				<key>GCC_WARN_UNUSED_VARIABLE</key>
				<string>YES</string>
				<key>IPHONEOS_DEPLOYMENT_TARGET</key>
				<string>9.3</string>
				<key>MTL_ENABLE_DEBUG_INFO</key>
				<string>YES</string>
				<key>ONLY_ACTIVE_ARCH</key>
				<string>YES</string>
				<key>SDKROOT</key>
				<string>iphoneos</string>
				<key>SWIFT_OPTIMIZATION_LEVEL</key>
				<string>-Onone</string>
				<key>TARGETED_DEVICE_FAMILY</key>
				<string>1,2</string>
				<key>VERSIONING_SYSTEM</key>
				<string>apple-generic</string>
				<key>VERSION_INFO_PREFIX</key>
				<string></string>
			</dict>
			<key>isa</key>
			<string>XCBuildConfiguration</string>
			<key>name</key>
			<string>Debug</string>
		</dict>
		<key>D91B42861D043D5B00AAAD58</key>
		<dict>
			<key>buildSettings</key>
			<dict>
				<key>ALWAYS_SEARCH_USER_PATHS</key>
				<string>NO</string>
				<key>CLANG_ANALYZER_NONNULL</key>
				<string>YES</string>
				<key>CLANG_CXX_LANGUAGE_STANDARD</key>
				<string>gnu++0x</string>
				<key>CLANG_CXX_LIBRARY</key>
				<string>libc++</string>
				<key>CLANG_ENABLE_MODULES</key>
				<string>YES</string>
				<key>CLANG_ENABLE_OBJC_ARC</key>
				<string>YES</string>
				<key>CLANG_WARN_BOOL_CONVERSION</key>
				<string>YES</string>
				<key>CLANG_WARN_CONSTANT_CONVERSION</key>
				<string>YES</string>
				<key>CLANG_WARN_DIRECT_OBJC_ISA_USAGE</key>
				<string>YES_ERROR</string>
				<key>CLANG_WARN_EMPTY_BODY</key>
				<string>YES</string>
				<key>CLANG_WARN_ENUM_CONVERSION</key>
				<string>YES</string>
				<key>CLANG_WARN_INT_CONVERSION</key>
				<string>YES</string>
				<key>CLANG_WARN_OBJC_ROOT_CLASS</key>
				<string>YES_ERROR</string>
				<key>CLANG_WARN_UNREACHABLE_CODE</key>
				<string>YES</string>
				<key>CLANG_WARN__DUPLICATE_METHOD_MATCH</key>
				<string>YES</string>
				<key>CODE_SIGN_IDENTITY[sdk=iphoneos*]</key>
				<string>iPhone Developer</string>
				<key>COPY_PHASE_STRIP</key>
				<string>NO</string>
				<key>CURRENT_PROJECT_VERSION</key>
				<string>1</string>
				<key>DEBUG_INFORMATION_FORMAT</key>
				<string>dwarf-with-dsym</string>
				<key>ENABLE_NS_ASSERTIONS</key>
				<string>NO</string>
				<key>ENABLE_STRICT_OBJC_MSGSEND</key>
				<string>YES</string>
				<key>GCC_C_LANGUAGE_STANDARD</key>
				<string>gnu99</string>
				<key>GCC_NO_COMMON_BLOCKS</key>
				<string>YES</string>
				<key>GCC_WARN_64_TO_32_BIT_CONVERSION</key>
				<string>YES</string>
				<key>GCC_WARN_ABOUT_RETURN_TYPE</key>
				<string>YES_ERROR</string>
				<key>GCC_WARN_UNDECLARED_SELECTOR</key>
				<string>YES</string>
				<key>GCC_WARN_UNINITIALIZED_AUTOS</key>
				<string>YES_AGGRESSIVE</string>
				<key>GCC_WARN_UNUSED_FUNCTION</key>
				<string>YES</string>
				<key>GCC_WARN_UNUSED_VARIABLE</key>
				<string>YES</string>
				<key>IPHONEOS_DEPLOYMENT_TARGET</key>
				<string>9.3</string>
				<key>MTL_ENABLE_DEBUG_INFO</key>
				<string>NO</string>
				<key>SDKROOT</key>
				<string>iphoneos</string>
				<key>TARGETED_DEVICE_FAMILY</key>
				<string>1,2</string>
				<key>VALIDATE_PRODUCT</key>
				<string>YES</string>
				<key>VERSIONING_SYSTEM</key>
				<string>apple-generic</string>
				<key>VERSION_INFO_PREFIX</key>
				<string></string>
			</dict>
			<key>isa</key>
			<string>XCBuildConfiguration</string>
			<key>name</key>
			<string>Release</string>
		</dict>
		<key>D91B42871D043D5B00AAAD58</key>
		<dict>
			<key>buildConfigurations</key>
			<array>
				<string>D91B42881D043D5B00AAAD58</string>
				<string>D91B42891D043D5B00AAAD58</string>
			</array>
			<key>defaultConfigurationIsVisible</key>
			<string>0</string>
			<key>defaultConfigurationName</key>
			<string>Release</string>
			<key>isa</key>
			<string>XCConfigurationList</string>
		</dict>
		<key>D91B42881D043D5B00AAAD58</key>
		<dict>
			<key>baseConfigurationReference</key>
			<string>9B5CC4E472D33843297E7960</string>
			<key>buildSettings</key>
			<dict>
				<key>CLANG_ENABLE_MODULES</key>
				<string>YES</string>
				<key>DEFINES_MODULE</key>
				<string>YES</string>
				<key>DYLIB_COMPATIBILITY_VERSION</key>
				<string>1</string>
				<key>DYLIB_CURRENT_VERSION</key>
				<string>1</string>
				<key>DYLIB_INSTALL_NAME_BASE</key>
				<string>@rpath</string>
				<key>INFOPLIST_FILE</key>
				<string>iTunesMusic/Info.plist</string>
				<key>INSTALL_PATH</key>
				<string>$(LOCAL_LIBRARY_DIR)/Frameworks</string>
				<key>LD_RUNPATH_SEARCH_PATHS</key>
				<string>$(inherited) @executable_path/Frameworks @loader_path/Frameworks</string>
				<key>PRODUCT_BUNDLE_IDENTIFIER</key>
				<string>jp.sora0077.iTunesMusic</string>
				<key>PRODUCT_NAME</key>
				<string>$(TARGET_NAME)</string>
				<key>SKIP_INSTALL</key>
				<string>YES</string>
				<key>SWIFT_OPTIMIZATION_LEVEL</key>
				<string>-Onone</string>
			</dict>
			<key>isa</key>
			<string>XCBuildConfiguration</string>
			<key>name</key>
			<string>Debug</string>
		</dict>
		<key>D91B42891D043D5B00AAAD58</key>
		<dict>
			<key>baseConfigurationReference</key>
			<string>0577185D1BF00CAB925C86BF</string>
			<key>buildSettings</key>
			<dict>
				<key>CLANG_ENABLE_MODULES</key>
				<string>YES</string>
				<key>DEFINES_MODULE</key>
				<string>YES</string>
				<key>DYLIB_COMPATIBILITY_VERSION</key>
				<string>1</string>
				<key>DYLIB_CURRENT_VERSION</key>
				<string>1</string>
				<key>DYLIB_INSTALL_NAME_BASE</key>
				<string>@rpath</string>
				<key>INFOPLIST_FILE</key>
				<string>iTunesMusic/Info.plist</string>
				<key>INSTALL_PATH</key>
				<string>$(LOCAL_LIBRARY_DIR)/Frameworks</string>
				<key>LD_RUNPATH_SEARCH_PATHS</key>
				<string>$(inherited) @executable_path/Frameworks @loader_path/Frameworks</string>
				<key>PRODUCT_BUNDLE_IDENTIFIER</key>
				<string>jp.sora0077.iTunesMusic</string>
				<key>PRODUCT_NAME</key>
				<string>$(TARGET_NAME)</string>
				<key>SKIP_INSTALL</key>
				<string>YES</string>
			</dict>
			<key>isa</key>
			<string>XCBuildConfiguration</string>
			<key>name</key>
			<string>Release</string>
		</dict>
		<key>D91B428A1D043D5B00AAAD58</key>
		<dict>
			<key>buildConfigurations</key>
			<array>
				<string>D91B428B1D043D5B00AAAD58</string>
				<string>D91B428C1D043D5B00AAAD58</string>
			</array>
			<key>defaultConfigurationIsVisible</key>
			<string>0</string>
			<key>defaultConfigurationName</key>
			<string>Release</string>
			<key>isa</key>
			<string>XCConfigurationList</string>
		</dict>
		<key>D91B428B1D043D5B00AAAD58</key>
		<dict>
			<key>buildSettings</key>
			<dict>
				<key>INFOPLIST_FILE</key>
				<string>iTunesMusicTests/Info.plist</string>
				<key>LD_RUNPATH_SEARCH_PATHS</key>
				<string>$(inherited) @executable_path/Frameworks @loader_path/Frameworks</string>
				<key>PRODUCT_BUNDLE_IDENTIFIER</key>
				<string>jp.sora0077.iTunesMusicTests</string>
				<key>PRODUCT_NAME</key>
				<string>$(TARGET_NAME)</string>
			</dict>
			<key>isa</key>
			<string>XCBuildConfiguration</string>
			<key>name</key>
			<string>Debug</string>
		</dict>
		<key>D91B428C1D043D5B00AAAD58</key>
		<dict>
			<key>buildSettings</key>
			<dict>
				<key>INFOPLIST_FILE</key>
				<string>iTunesMusicTests/Info.plist</string>
				<key>LD_RUNPATH_SEARCH_PATHS</key>
				<string>$(inherited) @executable_path/Frameworks @loader_path/Frameworks</string>
				<key>PRODUCT_BUNDLE_IDENTIFIER</key>
				<string>jp.sora0077.iTunesMusicTests</string>
				<key>PRODUCT_NAME</key>
				<string>$(TARGET_NAME)</string>
			</dict>
			<key>isa</key>
			<string>XCBuildConfiguration</string>
			<key>name</key>
			<string>Release</string>
		</dict>
		<key>D91B428D1D043D6400AAAD58</key>
		<dict>
			<key>children</key>
			<array>
				<string>D91B42961D07071400AAAD58</string>
				<string>D91B429C1D08625200AAAD58</string>
				<string>D91B42911D04C46C00AAAD58</string>
				<string>D91B428E1D044AD200AAAD58</string>
				<string>D91B42991D070FA600AAAD58</string>
			</array>
			<key>isa</key>
			<string>PBXGroup</string>
			<key>path</key>
			<string>Sources</string>
			<key>sourceTree</key>
			<string>&lt;group&gt;</string>
		</dict>
		<key>D91B428E1D044AD200AAAD58</key>
		<dict>
			<key>children</key>
			<array>
				<string>D91B428F1D044AE600AAAD58</string>
				<string>D9542EF41D12DB370073C8EE</string>
				<string>D9FD12EF1D1C2C610010E81D</string>
				<string>D929E44B1D1E51060045C316</string>
			</array>
			<key>isa</key>
			<string>PBXGroup</string>
			<key>path</key>
			<string>Entity</string>
			<key>sourceTree</key>
			<string>&lt;group&gt;</string>
		</dict>
		<key>D91B428F1D044AE600AAAD58</key>
		<dict>
			<key>fileEncoding</key>
			<string>4</string>
			<key>isa</key>
			<string>PBXFileReference</string>
			<key>lastKnownFileType</key>
			<string>sourcecode.swift</string>
			<key>path</key>
			<string>Track.swift</string>
			<key>sourceTree</key>
			<string>&lt;group&gt;</string>
		</dict>
		<key>D91B42901D044AE600AAAD58</key>
		<dict>
			<key>fileRef</key>
			<string>D91B428F1D044AE600AAAD58</string>
			<key>isa</key>
			<string>PBXBuildFile</string>
		</dict>
		<key>D91B42911D04C46C00AAAD58</key>
		<dict>
			<key>children</key>
			<array>
				<string>D91B42941D05BBDB00AAAD58</string>
				<string>D91B42A91D0EFCD700AAAD58</string>
				<string>D9FD12ED1D18324F0010E81D</string>
			</array>
			<key>isa</key>
			<string>PBXGroup</string>
			<key>path</key>
			<string>Cache</string>
			<key>sourceTree</key>
			<string>&lt;group&gt;</string>
		</dict>
		<key>D91B42941D05BBDB00AAAD58</key>
		<dict>
			<key>fileEncoding</key>
			<string>4</string>
			<key>isa</key>
			<string>PBXFileReference</string>
			<key>lastKnownFileType</key>
			<string>sourcecode.swift</string>
			<key>path</key>
			<string>SearchCache.swift</string>
			<key>sourceTree</key>
			<string>&lt;group&gt;</string>
		</dict>
		<key>D91B42951D05BBDB00AAAD58</key>
		<dict>
			<key>fileRef</key>
			<string>D91B42941D05BBDB00AAAD58</string>
			<key>isa</key>
			<string>PBXBuildFile</string>
		</dict>
		<key>D91B42961D07071400AAAD58</key>
		<dict>
			<key>children</key>
			<array>
				<string>D91B42971D07085300AAAD58</string>
				<string>D9FD12E71D16E9B60010E81D</string>
				<string>D91B42A11D0C5D9600AAAD58</string>
				<string>D9FD12E91D182F930010E81D</string>
				<string>D929E4491D1C44E50045C316</string>
			</array>
			<key>isa</key>
			<string>PBXGroup</string>
			<key>path</key>
			<string>API</string>
			<key>sourceTree</key>
			<string>&lt;group&gt;</string>
		</dict>
		<key>D91B42971D07085300AAAD58</key>
		<dict>
			<key>fileEncoding</key>
			<string>4</string>
			<key>isa</key>
			<string>PBXFileReference</string>
			<key>lastKnownFileType</key>
			<string>sourcecode.swift</string>
			<key>path</key>
			<string>SearchWithKeyword.swift</string>
			<key>sourceTree</key>
			<string>&lt;group&gt;</string>
		</dict>
		<key>D91B42981D07085300AAAD58</key>
		<dict>
			<key>fileRef</key>
			<string>D91B42971D07085300AAAD58</string>
			<key>isa</key>
			<string>PBXBuildFile</string>
		</dict>
		<key>D91B42991D070FA600AAAD58</key>
		<dict>
			<key>fileEncoding</key>
			<string>4</string>
			<key>isa</key>
			<string>PBXFileReference</string>
			<key>lastKnownFileType</key>
			<string>sourcecode.swift</string>
			<key>path</key>
			<string>iTunesMusic.swift</string>
			<key>sourceTree</key>
			<string>&lt;group&gt;</string>
		</dict>
		<key>D91B429A1D070FA600AAAD58</key>
		<dict>
			<key>fileRef</key>
			<string>D91B42991D070FA600AAAD58</string>
			<key>isa</key>
			<string>PBXBuildFile</string>
		</dict>
		<key>D91B429B1D07139800AAAD58</key>
		<dict>
			<key>isa</key>
			<string>PBXFileReference</string>
			<key>lastKnownFileType</key>
			<string>file.playground</string>
			<key>path</key>
			<string>Playground.playground</string>
			<key>sourceTree</key>
			<string>&lt;group&gt;</string>
		</dict>
		<key>D91B429C1D08625200AAAD58</key>
		<dict>
			<key>children</key>
			<array>
				<string>D9542EFB1D1518730073C8EE</string>
				<string>D9542EF61D136A450073C8EE</string>
				<string>D91B429D1D0862DA00AAAD58</string>
				<string>D91B429F1D08640800AAAD58</string>
				<string>D9FD12E51D16D3CD0010E81D</string>
				<string>D91B42A31D0CFA2700AAAD58</string>
				<string>D91B42A71D0EFBF700AAAD58</string>
				<string>D9FD12EB1D1831D50010E81D</string>
				<string>D929E4471D1C44C70045C316</string>
			</array>
			<key>isa</key>
			<string>PBXGroup</string>
			<key>path</key>
			<string>Model</string>
			<key>sourceTree</key>
			<string>&lt;group&gt;</string>
		</dict>
		<key>D91B429D1D0862DA00AAAD58</key>
		<dict>
			<key>fileEncoding</key>
			<string>4</string>
			<key>isa</key>
			<string>PBXFileReference</string>
			<key>lastKnownFileType</key>
			<string>sourcecode.swift</string>
			<key>path</key>
			<string>AnyPlaylist.swift</string>
			<key>sourceTree</key>
			<string>&lt;group&gt;</string>
		</dict>
		<key>D91B429E1D0862DA00AAAD58</key>
		<dict>
			<key>fileRef</key>
			<string>D91B429D1D0862DA00AAAD58</string>
			<key>isa</key>
			<string>PBXBuildFile</string>
		</dict>
		<key>D91B429F1D08640800AAAD58</key>
		<dict>
			<key>fileEncoding</key>
			<string>4</string>
			<key>isa</key>
			<string>PBXFileReference</string>
			<key>lastKnownFileType</key>
			<string>sourcecode.swift</string>
			<key>path</key>
			<string>Search.swift</string>
			<key>sourceTree</key>
			<string>&lt;group&gt;</string>
		</dict>
		<key>D91B42A01D08640800AAAD58</key>
		<dict>
			<key>fileRef</key>
			<string>D91B429F1D08640800AAAD58</string>
			<key>isa</key>
			<string>PBXBuildFile</string>
		</dict>
		<key>D91B42A11D0C5D9600AAAD58</key>
		<dict>
			<key>fileEncoding</key>
			<string>4</string>
			<key>isa</key>
			<string>PBXFileReference</string>
			<key>lastKnownFileType</key>
			<string>sourcecode.swift</string>
			<key>path</key>
			<string>GetPreviewUrl.swift</string>
			<key>sourceTree</key>
			<string>&lt;group&gt;</string>
		</dict>
		<key>D91B42A21D0C5D9600AAAD58</key>
		<dict>
			<key>fileRef</key>
			<string>D91B42A11D0C5D9600AAAD58</string>
			<key>isa</key>
			<string>PBXBuildFile</string>
		</dict>
		<key>D91B42A31D0CFA2700AAAD58</key>
		<dict>
			<key>fileEncoding</key>
			<string>4</string>
			<key>isa</key>
			<string>PBXFileReference</string>
			<key>lastKnownFileType</key>
			<string>sourcecode.swift</string>
			<key>path</key>
			<string>Preview.swift</string>
			<key>sourceTree</key>
			<string>&lt;group&gt;</string>
		</dict>
		<key>D91B42A41D0CFA2700AAAD58</key>
		<dict>
			<key>fileRef</key>
			<string>D91B42A31D0CFA2700AAAD58</string>
			<key>isa</key>
			<string>PBXBuildFile</string>
		</dict>
		<key>D91B42A71D0EFBF700AAAD58</key>
		<dict>
			<key>fileEncoding</key>
			<string>4</string>
			<key>isa</key>
			<string>PBXFileReference</string>
			<key>lastKnownFileType</key>
			<string>sourcecode.swift</string>
			<key>path</key>
			<string>History.swift</string>
			<key>sourceTree</key>
			<string>&lt;group&gt;</string>
		</dict>
		<key>D91B42A81D0EFBF700AAAD58</key>
		<dict>
			<key>fileRef</key>
			<string>D91B42A71D0EFBF700AAAD58</string>
			<key>isa</key>
			<string>PBXBuildFile</string>
		</dict>
		<key>D91B42A91D0EFCD700AAAD58</key>
		<dict>
			<key>fileEncoding</key>
			<string>4</string>
			<key>isa</key>
			<string>PBXFileReference</string>
			<key>lastKnownFileType</key>
			<string>sourcecode.swift</string>
			<key>path</key>
			<string>HistoryCache.swift</string>
			<key>sourceTree</key>
			<string>&lt;group&gt;</string>
		</dict>
		<key>D91B42AA1D0EFCD700AAAD58</key>
		<dict>
			<key>fileRef</key>
			<string>D91B42A91D0EFCD700AAAD58</string>
			<key>isa</key>
			<string>PBXBuildFile</string>
		</dict>
		<key>D929E4471D1C44C70045C316</key>
		<dict>
			<key>fileEncoding</key>
			<string>4</string>
			<key>isa</key>
			<string>PBXFileReference</string>
			<key>lastKnownFileType</key>
			<string>sourcecode.swift</string>
			<key>path</key>
			<string>Rss.swift</string>
			<key>sourceTree</key>
			<string>&lt;group&gt;</string>
		</dict>
		<key>D929E4481D1C44C70045C316</key>
		<dict>
			<key>fileRef</key>
			<string>D929E4471D1C44C70045C316</string>
			<key>isa</key>
			<string>PBXBuildFile</string>
		</dict>
		<key>D929E4491D1C44E50045C316</key>
		<dict>
			<key>fileEncoding</key>
			<string>4</string>
			<key>isa</key>
			<string>PBXFileReference</string>
			<key>lastKnownFileType</key>
			<string>sourcecode.swift</string>
			<key>path</key>
			<string>GetRss.swift</string>
			<key>sourceTree</key>
			<string>&lt;group&gt;</string>
		</dict>
		<key>D929E44A1D1C44E50045C316</key>
		<dict>
			<key>fileRef</key>
			<string>D929E4491D1C44E50045C316</string>
			<key>isa</key>
			<string>PBXBuildFile</string>
		</dict>
		<key>D929E44B1D1E51060045C316</key>
		<dict>
			<key>fileEncoding</key>
			<string>4</string>
			<key>isa</key>
			<string>PBXFileReference</string>
			<key>lastKnownFileType</key>
			<string>sourcecode.swift</string>
			<key>path</key>
			<string>RssFeed.swift</string>
			<key>sourceTree</key>
			<string>&lt;group&gt;</string>
		</dict>
		<key>D929E44C1D1E51060045C316</key>
		<dict>
			<key>fileRef</key>
			<string>D929E44B1D1E51060045C316</string>
			<key>isa</key>
			<string>PBXBuildFile</string>
		</dict>
		<key>D929E44D1D1EE9500045C316</key>
		<dict>
			<key>buildActionMask</key>
			<string>2147483647</string>
			<key>files</key>
			<array>
				<string>D929E4561D1EE9500045C316</string>
				<string>D929E4541D1EE9500045C316</string>
			</array>
			<key>isa</key>
			<string>PBXSourcesBuildPhase</string>
			<key>runOnlyForDeploymentPostprocessing</key>
			<string>0</string>
		</dict>
		<key>D929E44E1D1EE9500045C316</key>
		<dict>
			<key>buildActionMask</key>
			<string>2147483647</string>
			<key>files</key>
			<array>
				<string>D929E4711D1EE9600045C316</string>
				<string>9A0B3F61D2B3B43B8EF3659E</string>
			</array>
			<key>isa</key>
			<string>PBXFrameworksBuildPhase</string>
			<key>runOnlyForDeploymentPostprocessing</key>
			<string>0</string>
		</dict>
		<key>D929E44F1D1EE9500045C316</key>
		<dict>
			<key>buildActionMask</key>
			<string>2147483647</string>
			<key>files</key>
			<array>
				<string>D929E45E1D1EE9500045C316</string>
				<string>D929E45B1D1EE9500045C316</string>
				<string>D929E4591D1EE9500045C316</string>
			</array>
			<key>isa</key>
			<string>PBXResourcesBuildPhase</string>
			<key>runOnlyForDeploymentPostprocessing</key>
			<string>0</string>
		</dict>
		<key>D929E4501D1EE9500045C316</key>
		<dict>
			<key>buildConfigurationList</key>
			<string>D929E46B1D1EE9510045C316</string>
			<key>buildPhases</key>
			<array>
				<string>B38ECA892529D0B8FEC6D0C3</string>
				<string>D929E44D1D1EE9500045C316</string>
				<string>D929E44E1D1EE9500045C316</string>
				<string>D929E44F1D1EE9500045C316</string>
				<string>D929E4751D1EE9600045C316</string>
				<string>0E80505F965D0D6DA63B2C35</string>
				<string>B9491C6A3FDC87D028AC7DB5</string>
			</array>
			<key>buildRules</key>
			<array/>
			<key>dependencies</key>
			<array>
				<string>D929E4741D1EE9600045C316</string>
			</array>
			<key>isa</key>
			<string>PBXNativeTarget</string>
			<key>name</key>
			<string>Demo</string>
			<key>productName</key>
			<string>Demo</string>
			<key>productReference</key>
			<string>D929E4511D1EE9500045C316</string>
			<key>productType</key>
			<string>com.apple.product-type.application</string>
		</dict>
		<key>D929E4511D1EE9500045C316</key>
		<dict>
			<key>explicitFileType</key>
			<string>wrapper.application</string>
			<key>includeInIndex</key>
			<string>0</string>
			<key>isa</key>
			<string>PBXFileReference</string>
			<key>path</key>
			<string>Demo.app</string>
			<key>sourceTree</key>
			<string>BUILT_PRODUCTS_DIR</string>
		</dict>
		<key>D929E4521D1EE9500045C316</key>
		<dict>
			<key>children</key>
			<array>
				<string>D929E4531D1EE9500045C316</string>
				<string>D929E4551D1EE9500045C316</string>
				<string>D929E4571D1EE9500045C316</string>
				<string>D929E45A1D1EE9500045C316</string>
				<string>D929E45C1D1EE9500045C316</string>
				<string>D929E45F1D1EE9500045C316</string>
			</array>
			<key>isa</key>
			<string>PBXGroup</string>
			<key>path</key>
			<string>Demo</string>
			<key>sourceTree</key>
			<string>&lt;group&gt;</string>
		</dict>
		<key>D929E4531D1EE9500045C316</key>
		<dict>
			<key>isa</key>
			<string>PBXFileReference</string>
			<key>lastKnownFileType</key>
			<string>sourcecode.swift</string>
			<key>path</key>
			<string>AppDelegate.swift</string>
			<key>sourceTree</key>
			<string>&lt;group&gt;</string>
		</dict>
		<key>D929E4541D1EE9500045C316</key>
		<dict>
			<key>fileRef</key>
			<string>D929E4531D1EE9500045C316</string>
			<key>isa</key>
			<string>PBXBuildFile</string>
		</dict>
		<key>D929E4551D1EE9500045C316</key>
		<dict>
			<key>isa</key>
			<string>PBXFileReference</string>
			<key>lastKnownFileType</key>
			<string>sourcecode.swift</string>
			<key>path</key>
			<string>ViewController.swift</string>
			<key>sourceTree</key>
			<string>&lt;group&gt;</string>
		</dict>
		<key>D929E4561D1EE9500045C316</key>
		<dict>
			<key>fileRef</key>
			<string>D929E4551D1EE9500045C316</string>
			<key>isa</key>
			<string>PBXBuildFile</string>
		</dict>
		<key>D929E4571D1EE9500045C316</key>
		<dict>
			<key>children</key>
			<array>
				<string>D929E4581D1EE9500045C316</string>
			</array>
			<key>isa</key>
			<string>PBXVariantGroup</string>
			<key>name</key>
			<string>Main.storyboard</string>
			<key>sourceTree</key>
			<string>&lt;group&gt;</string>
		</dict>
		<key>D929E4581D1EE9500045C316</key>
		<dict>
			<key>isa</key>
			<string>PBXFileReference</string>
			<key>lastKnownFileType</key>
			<string>file.storyboard</string>
			<key>name</key>
			<string>Base</string>
			<key>path</key>
			<string>Base.lproj/Main.storyboard</string>
			<key>sourceTree</key>
			<string>&lt;group&gt;</string>
		</dict>
		<key>D929E4591D1EE9500045C316</key>
		<dict>
			<key>fileRef</key>
			<string>D929E4571D1EE9500045C316</string>
			<key>isa</key>
			<string>PBXBuildFile</string>
		</dict>
		<key>D929E45A1D1EE9500045C316</key>
		<dict>
			<key>isa</key>
			<string>PBXFileReference</string>
			<key>lastKnownFileType</key>
			<string>folder.assetcatalog</string>
			<key>path</key>
			<string>Assets.xcassets</string>
			<key>sourceTree</key>
			<string>&lt;group&gt;</string>
		</dict>
		<key>D929E45B1D1EE9500045C316</key>
		<dict>
			<key>fileRef</key>
			<string>D929E45A1D1EE9500045C316</string>
			<key>isa</key>
			<string>PBXBuildFile</string>
		</dict>
		<key>D929E45C1D1EE9500045C316</key>
		<dict>
			<key>children</key>
			<array>
				<string>D929E45D1D1EE9500045C316</string>
			</array>
			<key>isa</key>
			<string>PBXVariantGroup</string>
			<key>name</key>
			<string>LaunchScreen.storyboard</string>
			<key>sourceTree</key>
			<string>&lt;group&gt;</string>
		</dict>
		<key>D929E45D1D1EE9500045C316</key>
		<dict>
			<key>isa</key>
			<string>PBXFileReference</string>
			<key>lastKnownFileType</key>
			<string>file.storyboard</string>
			<key>name</key>
			<string>Base</string>
			<key>path</key>
			<string>Base.lproj/LaunchScreen.storyboard</string>
			<key>sourceTree</key>
			<string>&lt;group&gt;</string>
		</dict>
		<key>D929E45E1D1EE9500045C316</key>
		<dict>
			<key>fileRef</key>
			<string>D929E45C1D1EE9500045C316</string>
			<key>isa</key>
			<string>PBXBuildFile</string>
		</dict>
		<key>D929E45F1D1EE9500045C316</key>
		<dict>
			<key>isa</key>
			<string>PBXFileReference</string>
			<key>lastKnownFileType</key>
			<string>text.plist.xml</string>
			<key>path</key>
			<string>Info.plist</string>
			<key>sourceTree</key>
			<string>&lt;group&gt;</string>
		</dict>
		<key>D929E4601D1EE9510045C316</key>
		<dict>
			<key>buildActionMask</key>
			<string>2147483647</string>
			<key>files</key>
			<array>
				<string>D929E4691D1EE9510045C316</string>
			</array>
			<key>isa</key>
			<string>PBXSourcesBuildPhase</string>
			<key>runOnlyForDeploymentPostprocessing</key>
			<string>0</string>
		</dict>
		<key>D929E4611D1EE9510045C316</key>
		<dict>
			<key>buildActionMask</key>
			<string>2147483647</string>
			<key>files</key>
			<array/>
			<key>isa</key>
			<string>PBXFrameworksBuildPhase</string>
			<key>runOnlyForDeploymentPostprocessing</key>
			<string>0</string>
		</dict>
		<key>D929E4621D1EE9510045C316</key>
		<dict>
			<key>buildActionMask</key>
			<string>2147483647</string>
			<key>files</key>
			<array/>
			<key>isa</key>
			<string>PBXResourcesBuildPhase</string>
			<key>runOnlyForDeploymentPostprocessing</key>
			<string>0</string>
		</dict>
		<key>D929E4631D1EE9510045C316</key>
		<dict>
			<key>buildConfigurationList</key>
			<string>D929E46E1D1EE9510045C316</string>
			<key>buildPhases</key>
			<array>
				<string>D929E4601D1EE9510045C316</string>
				<string>D929E4611D1EE9510045C316</string>
				<string>D929E4621D1EE9510045C316</string>
			</array>
			<key>buildRules</key>
			<array/>
			<key>dependencies</key>
			<array>
				<string>D929E4661D1EE9510045C316</string>
			</array>
			<key>isa</key>
			<string>PBXNativeTarget</string>
			<key>name</key>
			<string>DemoTests</string>
			<key>productName</key>
			<string>DemoTests</string>
			<key>productReference</key>
			<string>D929E4641D1EE9510045C316</string>
			<key>productType</key>
			<string>com.apple.product-type.bundle.unit-test</string>
		</dict>
		<key>D929E4641D1EE9510045C316</key>
		<dict>
			<key>explicitFileType</key>
			<string>wrapper.cfbundle</string>
			<key>includeInIndex</key>
			<string>0</string>
			<key>isa</key>
			<string>PBXFileReference</string>
			<key>path</key>
			<string>DemoTests.xctest</string>
			<key>sourceTree</key>
			<string>BUILT_PRODUCTS_DIR</string>
		</dict>
		<key>D929E4651D1EE9510045C316</key>
		<dict>
			<key>containerPortal</key>
			<string>D91B426A1D043D5A00AAAD58</string>
			<key>isa</key>
			<string>PBXContainerItemProxy</string>
			<key>proxyType</key>
			<string>1</string>
			<key>remoteGlobalIDString</key>
			<string>D929E4501D1EE9500045C316</string>
			<key>remoteInfo</key>
			<string>Demo</string>
		</dict>
		<key>D929E4661D1EE9510045C316</key>
		<dict>
			<key>isa</key>
			<string>PBXTargetDependency</string>
			<key>target</key>
			<string>D929E4501D1EE9500045C316</string>
			<key>targetProxy</key>
			<string>D929E4651D1EE9510045C316</string>
		</dict>
		<key>D929E4671D1EE9510045C316</key>
		<dict>
			<key>children</key>
			<array>
				<string>D929E4681D1EE9510045C316</string>
				<string>D929E46A1D1EE9510045C316</string>
			</array>
			<key>isa</key>
			<string>PBXGroup</string>
			<key>path</key>
			<string>DemoTests</string>
			<key>sourceTree</key>
			<string>&lt;group&gt;</string>
		</dict>
		<key>D929E4681D1EE9510045C316</key>
		<dict>
			<key>isa</key>
			<string>PBXFileReference</string>
			<key>lastKnownFileType</key>
			<string>sourcecode.swift</string>
			<key>path</key>
			<string>DemoTests.swift</string>
			<key>sourceTree</key>
			<string>&lt;group&gt;</string>
		</dict>
		<key>D929E4691D1EE9510045C316</key>
		<dict>
			<key>fileRef</key>
			<string>D929E4681D1EE9510045C316</string>
			<key>isa</key>
			<string>PBXBuildFile</string>
		</dict>
		<key>D929E46A1D1EE9510045C316</key>
		<dict>
			<key>isa</key>
			<string>PBXFileReference</string>
			<key>lastKnownFileType</key>
			<string>text.plist.xml</string>
			<key>path</key>
			<string>Info.plist</string>
			<key>sourceTree</key>
			<string>&lt;group&gt;</string>
		</dict>
		<key>D929E46B1D1EE9510045C316</key>
		<dict>
			<key>buildConfigurations</key>
			<array>
				<string>D929E46C1D1EE9510045C316</string>
				<string>D929E46D1D1EE9510045C316</string>
			</array>
			<key>defaultConfigurationIsVisible</key>
			<string>0</string>
			<key>isa</key>
			<string>XCConfigurationList</string>
		</dict>
		<key>D929E46C1D1EE9510045C316</key>
		<dict>
			<key>baseConfigurationReference</key>
			<string>7619CE36DF732E3115A9728B</string>
			<key>buildSettings</key>
			<dict>
				<key>ASSETCATALOG_COMPILER_APPICON_NAME</key>
				<string>AppIcon</string>
				<key>EMBEDDED_CONTENT_CONTAINS_SWIFT</key>
				<string>YES</string>
				<key>INFOPLIST_FILE</key>
				<string>Demo/Info.plist</string>
				<key>LD_RUNPATH_SEARCH_PATHS</key>
				<string>$(inherited) @executable_path/Frameworks</string>
				<key>PRODUCT_BUNDLE_IDENTIFIER</key>
				<string>jp.sora0077.Demo</string>
				<key>PRODUCT_NAME</key>
				<string>$(TARGET_NAME)</string>
			</dict>
			<key>isa</key>
			<string>XCBuildConfiguration</string>
			<key>name</key>
			<string>Debug</string>
		</dict>
		<key>D929E46D1D1EE9510045C316</key>
		<dict>
			<key>baseConfigurationReference</key>
			<string>B053F27C9996AB1ACE457E75</string>
			<key>buildSettings</key>
			<dict>
				<key>ASSETCATALOG_COMPILER_APPICON_NAME</key>
				<string>AppIcon</string>
				<key>EMBEDDED_CONTENT_CONTAINS_SWIFT</key>
				<string>YES</string>
				<key>INFOPLIST_FILE</key>
				<string>Demo/Info.plist</string>
				<key>LD_RUNPATH_SEARCH_PATHS</key>
				<string>$(inherited) @executable_path/Frameworks</string>
				<key>PRODUCT_BUNDLE_IDENTIFIER</key>
				<string>jp.sora0077.Demo</string>
				<key>PRODUCT_NAME</key>
				<string>$(TARGET_NAME)</string>
			</dict>
			<key>isa</key>
			<string>XCBuildConfiguration</string>
			<key>name</key>
			<string>Release</string>
		</dict>
		<key>D929E46E1D1EE9510045C316</key>
		<dict>
			<key>buildConfigurations</key>
			<array>
				<string>D929E46F1D1EE9510045C316</string>
				<string>D929E4701D1EE9510045C316</string>
			</array>
			<key>defaultConfigurationIsVisible</key>
			<string>0</string>
			<key>isa</key>
			<string>XCConfigurationList</string>
		</dict>
		<key>D929E46F1D1EE9510045C316</key>
		<dict>
			<key>buildSettings</key>
			<dict>
				<key>BUNDLE_LOADER</key>
				<string>$(TEST_HOST)</string>
				<key>INFOPLIST_FILE</key>
				<string>DemoTests/Info.plist</string>
				<key>LD_RUNPATH_SEARCH_PATHS</key>
				<string>$(inherited) @executable_path/Frameworks @loader_path/Frameworks</string>
				<key>PRODUCT_BUNDLE_IDENTIFIER</key>
				<string>jp.sora0077.DemoTests</string>
				<key>PRODUCT_NAME</key>
				<string>$(TARGET_NAME)</string>
				<key>TEST_HOST</key>
				<string>$(BUILT_PRODUCTS_DIR)/Demo.app/Demo</string>
			</dict>
			<key>isa</key>
			<string>XCBuildConfiguration</string>
			<key>name</key>
			<string>Debug</string>
		</dict>
		<key>D929E4701D1EE9510045C316</key>
		<dict>
			<key>buildSettings</key>
			<dict>
				<key>BUNDLE_LOADER</key>
				<string>$(TEST_HOST)</string>
				<key>INFOPLIST_FILE</key>
				<string>DemoTests/Info.plist</string>
				<key>LD_RUNPATH_SEARCH_PATHS</key>
				<string>$(inherited) @executable_path/Frameworks @loader_path/Frameworks</string>
				<key>PRODUCT_BUNDLE_IDENTIFIER</key>
				<string>jp.sora0077.DemoTests</string>
				<key>PRODUCT_NAME</key>
				<string>$(TARGET_NAME)</string>
				<key>TEST_HOST</key>
				<string>$(BUILT_PRODUCTS_DIR)/Demo.app/Demo</string>
			</dict>
			<key>isa</key>
			<string>XCBuildConfiguration</string>
			<key>name</key>
			<string>Release</string>
		</dict>
		<key>D929E4711D1EE9600045C316</key>
		<dict>
			<key>fileRef</key>
			<string>D91B42731D043D5A00AAAD58</string>
			<key>isa</key>
			<string>PBXBuildFile</string>
		</dict>
		<key>D929E4721D1EE9600045C316</key>
		<dict>
			<key>fileRef</key>
			<string>D91B42731D043D5A00AAAD58</string>
			<key>isa</key>
			<string>PBXBuildFile</string>
			<key>settings</key>
			<dict>
				<key>ATTRIBUTES</key>
				<array>
					<string>CodeSignOnCopy</string>
					<string>RemoveHeadersOnCopy</string>
				</array>
			</dict>
		</dict>
		<key>D929E4731D1EE9600045C316</key>
		<dict>
			<key>containerPortal</key>
			<string>D91B426A1D043D5A00AAAD58</string>
			<key>isa</key>
			<string>PBXContainerItemProxy</string>
			<key>proxyType</key>
			<string>1</string>
			<key>remoteGlobalIDString</key>
			<string>D91B42721D043D5A00AAAD58</string>
			<key>remoteInfo</key>
			<string>iTunesMusic</string>
		</dict>
		<key>D929E4741D1EE9600045C316</key>
		<dict>
			<key>isa</key>
			<string>PBXTargetDependency</string>
			<key>target</key>
			<string>D91B42721D043D5A00AAAD58</string>
			<key>targetProxy</key>
			<string>D929E4731D1EE9600045C316</string>
		</dict>
		<key>D929E4751D1EE9600045C316</key>
		<dict>
			<key>buildActionMask</key>
			<string>2147483647</string>
			<key>dstPath</key>
			<string></string>
			<key>dstSubfolderSpec</key>
			<string>10</string>
			<key>files</key>
			<array>
				<string>D929E4721D1EE9600045C316</string>
			</array>
			<key>isa</key>
			<string>PBXCopyFilesBuildPhase</string>
			<key>name</key>
			<string>Embed Frameworks</string>
			<key>runOnlyForDeploymentPostprocessing</key>
			<string>0</string>
		</dict>
		<key>D9542EF41D12DB370073C8EE</key>
		<dict>
			<key>fileEncoding</key>
			<string>4</string>
			<key>isa</key>
			<string>PBXFileReference</string>
			<key>lastKnownFileType</key>
			<string>sourcecode.swift</string>
			<key>path</key>
			<string>HistoryRecord.swift</string>
			<key>sourceTree</key>
			<string>&lt;group&gt;</string>
		</dict>
		<key>D9542EF51D12DB370073C8EE</key>
		<dict>
			<key>fileRef</key>
			<string>D9542EF41D12DB370073C8EE</string>
			<key>isa</key>
			<string>PBXBuildFile</string>
		</dict>
		<key>D9542EF61D136A450073C8EE</key>
		<dict>
			<key>fileEncoding</key>
			<string>4</string>
			<key>isa</key>
			<string>PBXFileReference</string>
			<key>lastKnownFileType</key>
			<string>sourcecode.swift</string>
			<key>path</key>
			<string>PlaylistType.swift</string>
			<key>sourceTree</key>
			<string>&lt;group&gt;</string>
		</dict>
		<key>D9542EF71D136A450073C8EE</key>
		<dict>
			<key>fileRef</key>
			<string>D9542EF61D136A450073C8EE</string>
			<key>isa</key>
			<string>PBXBuildFile</string>
		</dict>
		<key>D9542EFB1D1518730073C8EE</key>
		<dict>
			<key>children</key>
			<array>
				<string>D9542EFD1D15189A0073C8EE</string>
				<string>D9542F001D1518B90073C8EE</string>
				<string>D9542EFC1D15189A0073C8EE</string>
			</array>
			<key>isa</key>
			<string>PBXGroup</string>
			<key>path</key>
			<string>Player</string>
			<key>sourceTree</key>
			<string>&lt;group&gt;</string>
		</dict>
		<key>D9542EFC1D15189A0073C8EE</key>
		<dict>
			<key>fileEncoding</key>
			<string>4</string>
			<key>isa</key>
			<string>PBXFileReference</string>
			<key>lastKnownFileType</key>
			<string>sourcecode.swift</string>
			<key>path</key>
			<string>CrossFadePlayer.swift</string>
			<key>sourceTree</key>
			<string>&lt;group&gt;</string>
		</dict>
		<key>D9542EFD1D15189A0073C8EE</key>
		<dict>
			<key>fileEncoding</key>
			<string>4</string>
			<key>isa</key>
			<string>PBXFileReference</string>
			<key>lastKnownFileType</key>
			<string>sourcecode.swift</string>
			<key>path</key>
			<string>Player.swift</string>
			<key>sourceTree</key>
			<string>&lt;group&gt;</string>
		</dict>
		<key>D9542EFE1D15189A0073C8EE</key>
		<dict>
			<key>fileRef</key>
			<string>D9542EFC1D15189A0073C8EE</string>
			<key>isa</key>
			<string>PBXBuildFile</string>
		</dict>
		<key>D9542EFF1D15189A0073C8EE</key>
		<dict>
			<key>fileRef</key>
			<string>D9542EFD1D15189A0073C8EE</string>
			<key>isa</key>
			<string>PBXBuildFile</string>
		</dict>
		<key>D9542F001D1518B90073C8EE</key>
		<dict>
			<key>fileEncoding</key>
			<string>4</string>
			<key>isa</key>
			<string>PBXFileReference</string>
			<key>lastKnownFileType</key>
			<string>sourcecode.swift</string>
			<key>path</key>
			<string>PlayerImpl.swift</string>
			<key>sourceTree</key>
			<string>&lt;group&gt;</string>
		</dict>
		<key>D9542F011D1518B90073C8EE</key>
		<dict>
			<key>fileRef</key>
			<string>D9542F001D1518B90073C8EE</string>
			<key>isa</key>
			<string>PBXBuildFile</string>
		</dict>
		<key>D9FD12E51D16D3CD0010E81D</key>
		<dict>
			<key>fileEncoding</key>
			<string>4</string>
			<key>isa</key>
			<string>PBXFileReference</string>
			<key>lastKnownFileType</key>
			<string>sourcecode.swift</string>
			<key>path</key>
			<string>LocalSearch.swift</string>
			<key>sourceTree</key>
			<string>&lt;group&gt;</string>
		</dict>
		<key>D9FD12E61D16D3CD0010E81D</key>
		<dict>
			<key>fileRef</key>
			<string>D9FD12E51D16D3CD0010E81D</string>
			<key>isa</key>
			<string>PBXBuildFile</string>
		</dict>
		<key>D9FD12E71D16E9B60010E81D</key>
		<dict>
			<key>fileEncoding</key>
			<string>4</string>
			<key>isa</key>
			<string>PBXFileReference</string>
			<key>lastKnownFileType</key>
			<string>sourcecode.swift</string>
			<key>path</key>
			<string>LookupWithIds.swift</string>
			<key>sourceTree</key>
			<string>&lt;group&gt;</string>
		</dict>
		<key>D9FD12E81D16E9B60010E81D</key>
		<dict>
			<key>fileRef</key>
			<string>D9FD12E71D16E9B60010E81D</string>
			<key>isa</key>
			<string>PBXBuildFile</string>
		</dict>
		<key>D9FD12E91D182F930010E81D</key>
		<dict>
			<key>fileEncoding</key>
			<string>4</string>
			<key>isa</key>
			<string>PBXFileReference</string>
			<key>lastKnownFileType</key>
			<string>sourcecode.swift</string>
			<key>path</key>
			<string>ListGenres.swift</string>
			<key>sourceTree</key>
			<string>&lt;group&gt;</string>
		</dict>
		<key>D9FD12EA1D182F930010E81D</key>
		<dict>
			<key>fileRef</key>
			<string>D9FD12E91D182F930010E81D</string>
			<key>isa</key>
			<string>PBXBuildFile</string>
		</dict>
		<key>D9FD12EB1D1831D50010E81D</key>
		<dict>
			<key>fileEncoding</key>
			<string>4</string>
			<key>isa</key>
			<string>PBXFileReference</string>
			<key>lastKnownFileType</key>
			<string>sourcecode.swift</string>
			<key>path</key>
			<string>Genres.swift</string>
			<key>sourceTree</key>
			<string>&lt;group&gt;</string>
		</dict>
		<key>D9FD12EC1D1831D50010E81D</key>
		<dict>
			<key>fileRef</key>
			<string>D9FD12EB1D1831D50010E81D</string>
			<key>isa</key>
			<string>PBXBuildFile</string>
		</dict>
		<key>D9FD12ED1D18324F0010E81D</key>
		<dict>
			<key>fileEncoding</key>
			<string>4</string>
			<key>isa</key>
			<string>PBXFileReference</string>
			<key>lastKnownFileType</key>
			<string>sourcecode.swift</string>
			<key>path</key>
			<string>GenresCache.swift</string>
			<key>sourceTree</key>
			<string>&lt;group&gt;</string>
		</dict>
		<key>D9FD12EE1D18324F0010E81D</key>
		<dict>
			<key>fileRef</key>
			<string>D9FD12ED1D18324F0010E81D</string>
			<key>isa</key>
			<string>PBXBuildFile</string>
		</dict>
		<key>D9FD12EF1D1C2C610010E81D</key>
		<dict>
			<key>fileEncoding</key>
			<string>4</string>
			<key>isa</key>
			<string>PBXFileReference</string>
			<key>lastKnownFileType</key>
			<string>sourcecode.swift</string>
			<key>path</key>
			<string>Genre.swift</string>
			<key>sourceTree</key>
			<string>&lt;group&gt;</string>
		</dict>
		<key>D9FD12F01D1C2C610010E81D</key>
		<dict>
			<key>fileRef</key>
			<string>D9FD12EF1D1C2C610010E81D</string>
			<key>isa</key>
			<string>PBXBuildFile</string>
		</dict>
	</dict>
	<key>rootObject</key>
	<string>D91B426A1D043D5A00AAAD58</string>
</dict>
</plist>
