// !$*UTF8*$!
{
	archiveVersion = 1;
	classes = {
	};
	objectVersion = 46;
	objects = {

/* Begin PBXBuildFile section */
		9440D4716F451C3207D843DE /* Pods_iTunesMusicTests.framework in Frameworks */ = {isa = PBXBuildFile; fileRef = 73C70BA6595B76F28DE6BF39 /* Pods_iTunesMusicTests.framework */; };
		D912A8781D55946B00C62617 /* Fetchable.swift in Sources */ = {isa = PBXBuildFile; fileRef = D912A8771D55946B00C62617 /* Fetchable.swift */; };
		D9134E2C1D5779F200636C10 /* SearchHintTrends.swift in Sources */ = {isa = PBXBuildFile; fileRef = D9134E2B1D5779F200636C10 /* SearchHintTrends.swift */; };
		D91390AB1D1F8F0F00E7FE61 /* SearchViewController.swift in Sources */ = {isa = PBXBuildFile; fileRef = D91390AA1D1F8F0F00E7FE61 /* SearchViewController.swift */; };
		D9165FDF1D2BF2B900B701E3 /* ArtistCache.swift in Sources */ = {isa = PBXBuildFile; fileRef = D9165FDE1D2BF2B800B701E3 /* ArtistCache.swift */; };
		D9165FE41D2C03C300B701E3 /* CrossFadePlayer.swift in Sources */ = {isa = PBXBuildFile; fileRef = D9165FE11D2C03C300B701E3 /* CrossFadePlayer.swift */; };
		D9165FE51D2C03C300B701E3 /* Player.swift in Sources */ = {isa = PBXBuildFile; fileRef = D9165FE21D2C03C300B701E3 /* Player.swift */; };
		D9165FE61D2C03C300B701E3 /* PlayerImpl.swift in Sources */ = {isa = PBXBuildFile; fileRef = D9165FE31D2C03C300B701E3 /* PlayerImpl.swift */; };
		D9165FE81D2C040C00B701E3 /* Model.swift in Sources */ = {isa = PBXBuildFile; fileRef = D9165FE71D2C040C00B701E3 /* Model.swift */; };
		D9165FED1D2C0AA300B701E3 /* Api.swift in Sources */ = {isa = PBXBuildFile; fileRef = D9165FEC1D2C0AA300B701E3 /* Api.swift */; };
		D9165FEF1D2C0ADD00B701E3 /* Utils.swift in Sources */ = {isa = PBXBuildFile; fileRef = D9165FEE1D2C0ADD00B701E3 /* Utils.swift */; };
		D9193C731D451214006763EC /* NewPlaylistEditorViewController.swift in Sources */ = {isa = PBXBuildFile; fileRef = D9193C721D451214006763EC /* NewPlaylistEditorViewController.swift */; };
		D91B42771D043D5A00AAAD58 /* iTunesMusic.h in Headers */ = {isa = PBXBuildFile; fileRef = D91B42761D043D5A00AAAD58 /* iTunesMusic.h */; settings = {ATTRIBUTES = (Public, ); }; };
		D91B427E1D043D5B00AAAD58 /* iTunesMusic.framework in Frameworks */ = {isa = PBXBuildFile; fileRef = D91B42731D043D5A00AAAD58 /* iTunesMusic.framework */; };
		D91B42831D043D5B00AAAD58 /* iTunesMusicTests.swift in Sources */ = {isa = PBXBuildFile; fileRef = D91B42821D043D5B00AAAD58 /* iTunesMusicTests.swift */; };
		D91B42901D044AE600AAAD58 /* EntityTrack.swift in Sources */ = {isa = PBXBuildFile; fileRef = D91B428F1D044AE600AAAD58 /* EntityTrack.swift */; };
		D91B42951D05BBDB00AAAD58 /* SearchCache.swift in Sources */ = {isa = PBXBuildFile; fileRef = D91B42941D05BBDB00AAAD58 /* SearchCache.swift */; };
		D91B42981D07085300AAAD58 /* SearchWithKeyword.swift in Sources */ = {isa = PBXBuildFile; fileRef = D91B42971D07085300AAAD58 /* SearchWithKeyword.swift */; };
		D91B429A1D070FA600AAAD58 /* iTunesMusic.swift in Sources */ = {isa = PBXBuildFile; fileRef = D91B42991D070FA600AAAD58 /* iTunesMusic.swift */; };
		D91B42A01D08640800AAAD58 /* Search.swift in Sources */ = {isa = PBXBuildFile; fileRef = D91B429F1D08640800AAAD58 /* Search.swift */; };
		D91B42A21D0C5D9600AAAD58 /* GetPreviewUrl.swift in Sources */ = {isa = PBXBuildFile; fileRef = D91B42A11D0C5D9600AAAD58 /* GetPreviewUrl.swift */; };
		D91B42A41D0CFA2700AAAD58 /* Preview.swift in Sources */ = {isa = PBXBuildFile; fileRef = D91B42A31D0CFA2700AAAD58 /* Preview.swift */; };
		D91B42A81D0EFBF700AAAD58 /* History.swift in Sources */ = {isa = PBXBuildFile; fileRef = D91B42A71D0EFBF700AAAD58 /* History.swift */; };
		D91B42AA1D0EFCD700AAAD58 /* HistoryCache.swift in Sources */ = {isa = PBXBuildFile; fileRef = D91B42A91D0EFCD700AAAD58 /* HistoryCache.swift */; };
		D91E68D01D4A4A40005CF411 /* ReviewCache.swift in Sources */ = {isa = PBXBuildFile; fileRef = D91E68CF1D4A4A40005CF411 /* ReviewCache.swift */; };
		D91E68D21D4A4AE3005CF411 /* Cache.swift in Sources */ = {isa = PBXBuildFile; fileRef = D91E68D11D4A4AE3005CF411 /* Cache.swift */; };
		D929E4481D1C44C70045C316 /* Rss.swift in Sources */ = {isa = PBXBuildFile; fileRef = D929E4471D1C44C70045C316 /* Rss.swift */; };
		D929E44A1D1C44E50045C316 /* GetRss.swift in Sources */ = {isa = PBXBuildFile; fileRef = D929E4491D1C44E50045C316 /* GetRss.swift */; };
		D929E4541D1EE9500045C316 /* AppDelegate.swift in Sources */ = {isa = PBXBuildFile; fileRef = D929E4531D1EE9500045C316 /* AppDelegate.swift */; };
		D929E4561D1EE9500045C316 /* ViewController.swift in Sources */ = {isa = PBXBuildFile; fileRef = D929E4551D1EE9500045C316 /* ViewController.swift */; };
		D929E4591D1EE9500045C316 /* Main.storyboard in Resources */ = {isa = PBXBuildFile; fileRef = D929E4571D1EE9500045C316 /* Main.storyboard */; };
		D929E45B1D1EE9500045C316 /* Assets.xcassets in Resources */ = {isa = PBXBuildFile; fileRef = D929E45A1D1EE9500045C316 /* Assets.xcassets */; };
		D929E45E1D1EE9500045C316 /* LaunchScreen.storyboard in Resources */ = {isa = PBXBuildFile; fileRef = D929E45C1D1EE9500045C316 /* LaunchScreen.storyboard */; };
		D929E4691D1EE9510045C316 /* DemoTests.swift in Sources */ = {isa = PBXBuildFile; fileRef = D929E4681D1EE9510045C316 /* DemoTests.swift */; };
		D929E4711D1EE9600045C316 /* iTunesMusic.framework in Frameworks */ = {isa = PBXBuildFile; fileRef = D91B42731D043D5A00AAAD58 /* iTunesMusic.framework */; };
		D929E4721D1EE9600045C316 /* iTunesMusic.framework in Embed Frameworks */ = {isa = PBXBuildFile; fileRef = D91B42731D043D5A00AAAD58 /* iTunesMusic.framework */; settings = {ATTRIBUTES = (CodeSignOnCopy, RemoveHeadersOnCopy, ); }; };
		D929E4781D1F07630045C316 /* GenresViewController.swift in Sources */ = {isa = PBXBuildFile; fileRef = D929E4771D1F07630045C316 /* GenresViewController.swift */; };
		D929E47A1D1F6EBF0045C316 /* RssViewController.swift in Sources */ = {isa = PBXBuildFile; fileRef = D929E4791D1F6EBF0045C316 /* RssViewController.swift */; };
		D9494CA01D4DBE8400A77C45 /* Entity.swift in Sources */ = {isa = PBXBuildFile; fileRef = D9494C9F1D4DBE8400A77C45 /* Entity.swift */; };
		D9542EF51D12DB370073C8EE /* EntityHistoryRecord.swift in Sources */ = {isa = PBXBuildFile; fileRef = D9542EF41D12DB370073C8EE /* EntityHistoryRecord.swift */; };
		D9542EF71D136A450073C8EE /* PlaylistType.swift in Sources */ = {isa = PBXBuildFile; fileRef = D9542EF61D136A450073C8EE /* PlaylistType.swift */; };
		D9573C2A1D3E7ADD00783AA4 /* TableViewModule.swift in Sources */ = {isa = PBXBuildFile; fileRef = D9573C291D3E7ADD00783AA4 /* TableViewModule.swift */; };
		D95E4CFD1D33FBD800985C66 /* BlurImageView.swift in Sources */ = {isa = PBXBuildFile; fileRef = D95E4CFC1D33FBD800985C66 /* BlurImageView.swift */; };
		D95E4CFF1D34011500985C66 /* EasyBlurImageView.swift in Sources */ = {isa = PBXBuildFile; fileRef = D95E4CFE1D34011500985C66 /* EasyBlurImageView.swift */; };
		D95E4D011D35284500985C66 /* ArtistDetailViewController.swift in Sources */ = {isa = PBXBuildFile; fileRef = D95E4D001D35284500985C66 /* ArtistDetailViewController.swift */; };
		D96A67C21D55959900390D03 /* ObservableList.swift in Sources */ = {isa = PBXBuildFile; fileRef = D96A67C11D55959900390D03 /* ObservableList.swift */; };
		D96A93DF1D48FBD200B693D4 /* EntityReview.swift in Sources */ = {isa = PBXBuildFile; fileRef = D96A93DE1D48FBD200B693D4 /* EntityReview.swift */; };
		D96A93E11D4909F000B693D4 /* Reviews.swift in Sources */ = {isa = PBXBuildFile; fileRef = D96A93E01D4909F000B693D4 /* Reviews.swift */; };
		D96A93E31D49110A00B693D4 /* ListReviews.swift in Sources */ = {isa = PBXBuildFile; fileRef = D96A93E21D49110A00B693D4 /* ListReviews.swift */; };
		D96C957B1D3A17B9000116FD /* PlaylistViewController.swift in Sources */ = {isa = PBXBuildFile; fileRef = D96C957A1D3A17B9000116FD /* PlaylistViewController.swift */; };
		D96C957E1D3A6CCB000116FD /* MyPlaylist.swift in Sources */ = {isa = PBXBuildFile; fileRef = D96C957C1D3A66D2000116FD /* MyPlaylist.swift */; };
		D96C95811D3A6F4B000116FD /* MyPlaylistCache.swift in Sources */ = {isa = PBXBuildFile; fileRef = D96C957F1D3A6E7B000116FD /* MyPlaylistCache.swift */; };
		D96C95831D3A840F000116FD /* PlaylistDetailViewController.swift in Sources */ = {isa = PBXBuildFile; fileRef = D96C95821D3A840F000116FD /* PlaylistDetailViewController.swift */; };
		D98D566A1D20270C007B09DB /* RssCache.swift in Sources */ = {isa = PBXBuildFile; fileRef = D98D56691D20270C007B09DB /* RssCache.swift */; };
		D991640A1D37CEA90091BF09 /* ControlCenter.swift in Sources */ = {isa = PBXBuildFile; fileRef = D99164091D37CEA90091BF09 /* ControlCenter.swift */; };
		D99164121D37D37C0091BF09 /* Track.swift in Sources */ = {isa = PBXBuildFile; fileRef = D99164101D37D36D0091BF09 /* Track.swift */; };
		D9A33E211D6225BD00E33E5D /* PINCache.framework in Frameworks */ = {isa = PBXBuildFile; fileRef = D9A33E1D1D6225AA00E33E5D /* PINCache.framework */; };
		D9A33E221D6225BD00E33E5D /* PINCache.framework in Embed Frameworks */ = {isa = PBXBuildFile; fileRef = D9A33E1D1D6225AA00E33E5D /* PINCache.framework */; settings = {ATTRIBUTES = (CodeSignOnCopy, RemoveHeadersOnCopy, ); }; };
		D9A33E231D6225BD00E33E5D /* PINRemoteImage.framework in Frameworks */ = {isa = PBXBuildFile; fileRef = D9A33E1E1D6225AA00E33E5D /* PINRemoteImage.framework */; };
		D9A33E241D6225BD00E33E5D /* PINRemoteImage.framework in Embed Frameworks */ = {isa = PBXBuildFile; fileRef = D9A33E1E1D6225AA00E33E5D /* PINRemoteImage.framework */; settings = {ATTRIBUTES = (CodeSignOnCopy, RemoveHeadersOnCopy, ); }; };
		D9A33E281D6229C800E33E5D /* Realm.framework in Frameworks */ = {isa = PBXBuildFile; fileRef = D9A33E251D6229C800E33E5D /* Realm.framework */; };
		D9A33E291D6229C800E33E5D /* RealmSwift.framework in Frameworks */ = {isa = PBXBuildFile; fileRef = D9A33E261D6229C800E33E5D /* RealmSwift.framework */; };
		D9A33E2A1D6229C800E33E5D /* Result.framework in Frameworks */ = {isa = PBXBuildFile; fileRef = D9A33E271D6229C800E33E5D /* Result.framework */; };
		D9A33E2D1D6229DC00E33E5D /* RxCocoa.framework in Frameworks */ = {isa = PBXBuildFile; fileRef = D9A33E2B1D6229DC00E33E5D /* RxCocoa.framework */; };
		D9A33E2E1D6229DC00E33E5D /* RxSwift.framework in Frameworks */ = {isa = PBXBuildFile; fileRef = D9A33E2C1D6229DC00E33E5D /* RxSwift.framework */; };
		D9A33E321D6229E800E33E5D /* SnapKit.framework in Frameworks */ = {isa = PBXBuildFile; fileRef = D9A33E2F1D6229E800E33E5D /* SnapKit.framework */; };
		D9A33E331D6229E800E33E5D /* SWXMLHash.framework in Frameworks */ = {isa = PBXBuildFile; fileRef = D9A33E301D6229E800E33E5D /* SWXMLHash.framework */; };
		D9A33E341D6229E800E33E5D /* Timepiece.framework in Frameworks */ = {isa = PBXBuildFile; fileRef = D9A33E311D6229E800E33E5D /* Timepiece.framework */; };
		D9A33E361D6229F300E33E5D /* APIKit.framework in Frameworks */ = {isa = PBXBuildFile; fileRef = D9A33E351D6229F300E33E5D /* APIKit.framework */; };
		D9A33E371D622A3B00E33E5D /* APIKit.framework in Frameworks */ = {isa = PBXBuildFile; fileRef = D9A33E351D6229F300E33E5D /* APIKit.framework */; };
		D9A33E381D622A3B00E33E5D /* APIKit.framework in Embed Frameworks */ = {isa = PBXBuildFile; fileRef = D9A33E351D6229F300E33E5D /* APIKit.framework */; settings = {ATTRIBUTES = (CodeSignOnCopy, RemoveHeadersOnCopy, ); }; };
		D9A33E391D622A3B00E33E5D /* SnapKit.framework in Frameworks */ = {isa = PBXBuildFile; fileRef = D9A33E2F1D6229E800E33E5D /* SnapKit.framework */; };
		D9A33E3A1D622A3B00E33E5D /* SnapKit.framework in Embed Frameworks */ = {isa = PBXBuildFile; fileRef = D9A33E2F1D6229E800E33E5D /* SnapKit.framework */; settings = {ATTRIBUTES = (CodeSignOnCopy, RemoveHeadersOnCopy, ); }; };
		D9A33E3B1D622A3B00E33E5D /* SWXMLHash.framework in Frameworks */ = {isa = PBXBuildFile; fileRef = D9A33E301D6229E800E33E5D /* SWXMLHash.framework */; };
		D9A33E3C1D622A3B00E33E5D /* SWXMLHash.framework in Embed Frameworks */ = {isa = PBXBuildFile; fileRef = D9A33E301D6229E800E33E5D /* SWXMLHash.framework */; settings = {ATTRIBUTES = (CodeSignOnCopy, RemoveHeadersOnCopy, ); }; };
		D9A33E3D1D622A3B00E33E5D /* Timepiece.framework in Frameworks */ = {isa = PBXBuildFile; fileRef = D9A33E311D6229E800E33E5D /* Timepiece.framework */; };
		D9A33E3E1D622A3B00E33E5D /* Timepiece.framework in Embed Frameworks */ = {isa = PBXBuildFile; fileRef = D9A33E311D6229E800E33E5D /* Timepiece.framework */; settings = {ATTRIBUTES = (CodeSignOnCopy, RemoveHeadersOnCopy, ); }; };
		D9A33E3F1D622A3B00E33E5D /* RxCocoa.framework in Frameworks */ = {isa = PBXBuildFile; fileRef = D9A33E2B1D6229DC00E33E5D /* RxCocoa.framework */; };
		D9A33E401D622A3B00E33E5D /* RxCocoa.framework in Embed Frameworks */ = {isa = PBXBuildFile; fileRef = D9A33E2B1D6229DC00E33E5D /* RxCocoa.framework */; settings = {ATTRIBUTES = (CodeSignOnCopy, RemoveHeadersOnCopy, ); }; };
		D9A33E411D622A3B00E33E5D /* RxSwift.framework in Frameworks */ = {isa = PBXBuildFile; fileRef = D9A33E2C1D6229DC00E33E5D /* RxSwift.framework */; };
		D9A33E421D622A3B00E33E5D /* RxSwift.framework in Embed Frameworks */ = {isa = PBXBuildFile; fileRef = D9A33E2C1D6229DC00E33E5D /* RxSwift.framework */; settings = {ATTRIBUTES = (CodeSignOnCopy, RemoveHeadersOnCopy, ); }; };
		D9A33E431D622A3B00E33E5D /* Realm.framework in Frameworks */ = {isa = PBXBuildFile; fileRef = D9A33E251D6229C800E33E5D /* Realm.framework */; };
		D9A33E441D622A3B00E33E5D /* Realm.framework in Embed Frameworks */ = {isa = PBXBuildFile; fileRef = D9A33E251D6229C800E33E5D /* Realm.framework */; settings = {ATTRIBUTES = (CodeSignOnCopy, RemoveHeadersOnCopy, ); }; };
		D9A33E451D622A3B00E33E5D /* RealmSwift.framework in Frameworks */ = {isa = PBXBuildFile; fileRef = D9A33E261D6229C800E33E5D /* RealmSwift.framework */; };
		D9A33E461D622A3B00E33E5D /* RealmSwift.framework in Embed Frameworks */ = {isa = PBXBuildFile; fileRef = D9A33E261D6229C800E33E5D /* RealmSwift.framework */; settings = {ATTRIBUTES = (CodeSignOnCopy, RemoveHeadersOnCopy, ); }; };
		D9A33E471D622A3B00E33E5D /* Result.framework in Frameworks */ = {isa = PBXBuildFile; fileRef = D9A33E271D6229C800E33E5D /* Result.framework */; };
		D9A33E481D622A3B00E33E5D /* Result.framework in Embed Frameworks */ = {isa = PBXBuildFile; fileRef = D9A33E271D6229C800E33E5D /* Result.framework */; settings = {ATTRIBUTES = (CodeSignOnCopy, RemoveHeadersOnCopy, ); }; };
		D9A33E4B1D622EC400E33E5D /* Himotoki.framework in Frameworks */ = {isa = PBXBuildFile; fileRef = D9A33E4A1D622EC400E33E5D /* Himotoki.framework */; };
		D9A33E4C1D622ECA00E33E5D /* Himotoki.framework in Frameworks */ = {isa = PBXBuildFile; fileRef = D9A33E4A1D622EC400E33E5D /* Himotoki.framework */; };
		D9A33E4D1D622ECA00E33E5D /* Himotoki.framework in Embed Frameworks */ = {isa = PBXBuildFile; fileRef = D9A33E4A1D622EC400E33E5D /* Himotoki.framework */; settings = {ATTRIBUTES = (CodeSignOnCopy, RemoveHeadersOnCopy, ); }; };
		D9A33E501D62383300E33E5D /* ImageFetcher.swift in Sources */ = {isa = PBXBuildFile; fileRef = D9A33E4F1D62383300E33E5D /* ImageFetcher.swift */; };
		D9A3991F1D6962FF00D0F9A4 /* ErrorEventHandler.framework in Frameworks */ = {isa = PBXBuildFile; fileRef = D9A3991E1D6962E900D0F9A4 /* ErrorEventHandler.framework */; };
		D9A399201D69630500D0F9A4 /* ErrorEventHandler.framework in Frameworks */ = {isa = PBXBuildFile; fileRef = D9A3991E1D6962E900D0F9A4 /* ErrorEventHandler.framework */; };
		D9A399211D69630500D0F9A4 /* ErrorEventHandler.framework in Embed Frameworks */ = {isa = PBXBuildFile; fileRef = D9A3991E1D6962E900D0F9A4 /* ErrorEventHandler.framework */; settings = {ATTRIBUTES = (CodeSignOnCopy, RemoveHeadersOnCopy, ); }; };
		D9A399221D69630A00D0F9A4 /* WindowKit.framework in Frameworks */ = {isa = PBXBuildFile; fileRef = D9A3991D1D6962E000D0F9A4 /* WindowKit.framework */; };
		D9A399231D69630A00D0F9A4 /* WindowKit.framework in Embed Frameworks */ = {isa = PBXBuildFile; fileRef = D9A3991D1D6962E000D0F9A4 /* WindowKit.framework */; settings = {ATTRIBUTES = (CodeSignOnCopy, RemoveHeadersOnCopy, ); }; };
		D9A9386B1D697EC800F91D0F /* Utils+Reactive.swift in Sources */ = {isa = PBXBuildFile; fileRef = D9A9386A1D697EC800F91D0F /* Utils+Reactive.swift */; };
		D9AAE06B1D261FBE00FF29C3 /* Downloader.swift in Sources */ = {isa = PBXBuildFile; fileRef = D9AAE06A1D261FBE00FF29C3 /* Downloader.swift */; };
		D9AAE06D1D27622600FF29C3 /* AlbumDetailViewController.swift in Sources */ = {isa = PBXBuildFile; fileRef = D9AAE06C1D27622600FF29C3 /* AlbumDetailViewController.swift */; };
		D9AAE0711D276DFB00FF29C3 /* EntityCollection.swift in Sources */ = {isa = PBXBuildFile; fileRef = D9AAE06F1D276B1600FF29C3 /* EntityCollection.swift */; };
		D9C553EE1D2E943B007C486E /* EntityPlaylist.swift in Sources */ = {isa = PBXBuildFile; fileRef = D9C553ED1D2E943B007C486E /* EntityPlaylist.swift */; };
		D9C553F01D2FDD62007C486E /* EntityTrackMetadata.swift in Sources */ = {isa = PBXBuildFile; fileRef = D9C553EF1D2FDD62007C486E /* EntityTrackMetadata.swift */; };
		D9EA0B4F1D27EC60001C3F2F /* Album.swift in Sources */ = {isa = PBXBuildFile; fileRef = D9EA0B4E1D27EC60001C3F2F /* Album.swift */; };
		D9EA0B511D27FE2A001C3F2F /* AlbumCache.swift in Sources */ = {isa = PBXBuildFile; fileRef = D9EA0B501D27FE2A001C3F2F /* AlbumCache.swift */; };
		D9EA0B531D28AD0A001C3F2F /* EntityArtist.swift in Sources */ = {isa = PBXBuildFile; fileRef = D9EA0B521D28AD0A001C3F2F /* EntityArtist.swift */; };
		D9EA0B591D2AAD74001C3F2F /* Artist.swift in Sources */ = {isa = PBXBuildFile; fileRef = D9EA0B581D2AAD74001C3F2F /* Artist.swift */; };
		D9FD12E81D16E9B60010E81D /* LookupWithIds.swift in Sources */ = {isa = PBXBuildFile; fileRef = D9FD12E71D16E9B60010E81D /* LookupWithIds.swift */; };
		D9FD12EA1D182F930010E81D /* ListGenres.swift in Sources */ = {isa = PBXBuildFile; fileRef = D9FD12E91D182F930010E81D /* ListGenres.swift */; };
		D9FD12EC1D1831D50010E81D /* Genres.swift in Sources */ = {isa = PBXBuildFile; fileRef = D9FD12EB1D1831D50010E81D /* Genres.swift */; };
		D9FD12EE1D18324F0010E81D /* GenresCache.swift in Sources */ = {isa = PBXBuildFile; fileRef = D9FD12ED1D18324F0010E81D /* GenresCache.swift */; };
		D9FD12F01D1C2C610010E81D /* EntityGenre.swift in Sources */ = {isa = PBXBuildFile; fileRef = D9FD12EF1D1C2C610010E81D /* EntityGenre.swift */; };
/* End PBXBuildFile section */

/* Begin PBXContainerItemProxy section */
		D91B427F1D043D5B00AAAD58 /* PBXContainerItemProxy */ = {
			isa = PBXContainerItemProxy;
			containerPortal = D91B426A1D043D5A00AAAD58 /* Project object */;
			proxyType = 1;
			remoteGlobalIDString = D91B42721D043D5A00AAAD58;
			remoteInfo = iTunesMusic;
		};
		D929E4651D1EE9510045C316 /* PBXContainerItemProxy */ = {
			isa = PBXContainerItemProxy;
			containerPortal = D91B426A1D043D5A00AAAD58 /* Project object */;
			proxyType = 1;
			remoteGlobalIDString = D929E4501D1EE9500045C316;
			remoteInfo = Demo;
		};
		D929E4731D1EE9600045C316 /* PBXContainerItemProxy */ = {
			isa = PBXContainerItemProxy;
			containerPortal = D91B426A1D043D5A00AAAD58 /* Project object */;
			proxyType = 1;
			remoteGlobalIDString = D91B42721D043D5A00AAAD58;
			remoteInfo = iTunesMusic;
		};
/* End PBXContainerItemProxy section */

/* Begin PBXCopyFilesBuildPhase section */
		D929E4751D1EE9600045C316 /* Embed Frameworks */ = {
			isa = PBXCopyFilesBuildPhase;
			buildActionMask = 2147483647;
			dstPath = "";
			dstSubfolderSpec = 10;
			files = (
				D9A33E221D6225BD00E33E5D /* PINCache.framework in Embed Frameworks */,
				D9A33E241D6225BD00E33E5D /* PINRemoteImage.framework in Embed Frameworks */,
				D9A33E421D622A3B00E33E5D /* RxSwift.framework in Embed Frameworks */,
				D9A33E481D622A3B00E33E5D /* Result.framework in Embed Frameworks */,
				D9A399231D69630A00D0F9A4 /* WindowKit.framework in Embed Frameworks */,
				D9A33E3C1D622A3B00E33E5D /* SWXMLHash.framework in Embed Frameworks */,
				D9A33E441D622A3B00E33E5D /* Realm.framework in Embed Frameworks */,
				D9A33E381D622A3B00E33E5D /* APIKit.framework in Embed Frameworks */,
				D9A33E461D622A3B00E33E5D /* RealmSwift.framework in Embed Frameworks */,
				D9A33E401D622A3B00E33E5D /* RxCocoa.framework in Embed Frameworks */,
				D9A399211D69630500D0F9A4 /* ErrorEventHandler.framework in Embed Frameworks */,
				D929E4721D1EE9600045C316 /* iTunesMusic.framework in Embed Frameworks */,
				D9A33E3E1D622A3B00E33E5D /* Timepiece.framework in Embed Frameworks */,
				D9A33E3A1D622A3B00E33E5D /* SnapKit.framework in Embed Frameworks */,
				D9A33E4D1D622ECA00E33E5D /* Himotoki.framework in Embed Frameworks */,
			);
			name = "Embed Frameworks";
			runOnlyForDeploymentPostprocessing = 0;
		};
/* End PBXCopyFilesBuildPhase section */

/* Begin PBXFileReference section */
		7284E2A9B4A75AC0E54D5D96 /* Pods_Demo.framework */ = {isa = PBXFileReference; explicitFileType = wrapper.framework; includeInIndex = 0; path = Pods_Demo.framework; sourceTree = BUILT_PRODUCTS_DIR; };
		73C70BA6595B76F28DE6BF39 /* Pods_iTunesMusicTests.framework */ = {isa = PBXFileReference; explicitFileType = wrapper.framework; includeInIndex = 0; path = Pods_iTunesMusicTests.framework; sourceTree = BUILT_PRODUCTS_DIR; };
		D90AAA071D4B7B94007D701B /* ja */ = {isa = PBXFileReference; lastKnownFileType = text.plist.strings; name = ja; path = ja.lproj/Main.strings; sourceTree = "<group>"; };
		D90AAA081D4B7B94007D701B /* ja */ = {isa = PBXFileReference; lastKnownFileType = text.plist.strings; name = ja; path = ja.lproj/LaunchScreen.strings; sourceTree = "<group>"; };
		D912A8771D55946B00C62617 /* Fetchable.swift */ = {isa = PBXFileReference; fileEncoding = 4; lastKnownFileType = sourcecode.swift; path = Fetchable.swift; sourceTree = "<group>"; };
		D9134E2B1D5779F200636C10 /* SearchHintTrends.swift */ = {isa = PBXFileReference; fileEncoding = 4; lastKnownFileType = sourcecode.swift; path = SearchHintTrends.swift; sourceTree = "<group>"; };
		D91390AA1D1F8F0F00E7FE61 /* SearchViewController.swift */ = {isa = PBXFileReference; fileEncoding = 4; lastKnownFileType = sourcecode.swift; path = SearchViewController.swift; sourceTree = "<group>"; };
		D9165FDE1D2BF2B800B701E3 /* ArtistCache.swift */ = {isa = PBXFileReference; fileEncoding = 4; lastKnownFileType = sourcecode.swift; path = ArtistCache.swift; sourceTree = "<group>"; };
		D9165FE11D2C03C300B701E3 /* CrossFadePlayer.swift */ = {isa = PBXFileReference; fileEncoding = 4; lastKnownFileType = sourcecode.swift; path = CrossFadePlayer.swift; sourceTree = "<group>"; };
		D9165FE21D2C03C300B701E3 /* Player.swift */ = {isa = PBXFileReference; fileEncoding = 4; lastKnownFileType = sourcecode.swift; path = Player.swift; sourceTree = "<group>"; };
		D9165FE31D2C03C300B701E3 /* PlayerImpl.swift */ = {isa = PBXFileReference; fileEncoding = 4; lastKnownFileType = sourcecode.swift; path = PlayerImpl.swift; sourceTree = "<group>"; };
		D9165FE71D2C040C00B701E3 /* Model.swift */ = {isa = PBXFileReference; fileEncoding = 4; lastKnownFileType = sourcecode.swift; path = Model.swift; sourceTree = "<group>"; };
		D9165FEC1D2C0AA300B701E3 /* Api.swift */ = {isa = PBXFileReference; fileEncoding = 4; lastKnownFileType = sourcecode.swift; path = Api.swift; sourceTree = "<group>"; };
		D9165FEE1D2C0ADD00B701E3 /* Utils.swift */ = {isa = PBXFileReference; fileEncoding = 4; lastKnownFileType = sourcecode.swift; path = Utils.swift; sourceTree = "<group>"; };
		D9193C721D451214006763EC /* NewPlaylistEditorViewController.swift */ = {isa = PBXFileReference; fileEncoding = 4; lastKnownFileType = sourcecode.swift; path = NewPlaylistEditorViewController.swift; sourceTree = "<group>"; };
		D91B42731D043D5A00AAAD58 /* iTunesMusic.framework */ = {isa = PBXFileReference; explicitFileType = wrapper.framework; includeInIndex = 0; path = iTunesMusic.framework; sourceTree = BUILT_PRODUCTS_DIR; };
		D91B42761D043D5A00AAAD58 /* iTunesMusic.h */ = {isa = PBXFileReference; lastKnownFileType = sourcecode.c.h; path = iTunesMusic.h; sourceTree = "<group>"; };
		D91B42781D043D5A00AAAD58 /* Info.plist */ = {isa = PBXFileReference; lastKnownFileType = text.plist.xml; path = Info.plist; sourceTree = "<group>"; };
		D91B427D1D043D5B00AAAD58 /* iTunesMusicTests.xctest */ = {isa = PBXFileReference; explicitFileType = wrapper.cfbundle; includeInIndex = 0; path = iTunesMusicTests.xctest; sourceTree = BUILT_PRODUCTS_DIR; };
		D91B42821D043D5B00AAAD58 /* iTunesMusicTests.swift */ = {isa = PBXFileReference; lastKnownFileType = sourcecode.swift; path = iTunesMusicTests.swift; sourceTree = "<group>"; };
		D91B42841D043D5B00AAAD58 /* Info.plist */ = {isa = PBXFileReference; lastKnownFileType = text.plist.xml; path = Info.plist; sourceTree = "<group>"; };
		D91B428F1D044AE600AAAD58 /* EntityTrack.swift */ = {isa = PBXFileReference; fileEncoding = 4; lastKnownFileType = sourcecode.swift; path = EntityTrack.swift; sourceTree = "<group>"; };
		D91B42941D05BBDB00AAAD58 /* SearchCache.swift */ = {isa = PBXFileReference; fileEncoding = 4; lastKnownFileType = sourcecode.swift; path = SearchCache.swift; sourceTree = "<group>"; };
		D91B42971D07085300AAAD58 /* SearchWithKeyword.swift */ = {isa = PBXFileReference; fileEncoding = 4; lastKnownFileType = sourcecode.swift; path = SearchWithKeyword.swift; sourceTree = "<group>"; };
		D91B42991D070FA600AAAD58 /* iTunesMusic.swift */ = {isa = PBXFileReference; fileEncoding = 4; lastKnownFileType = sourcecode.swift; path = iTunesMusic.swift; sourceTree = "<group>"; };
		D91B429F1D08640800AAAD58 /* Search.swift */ = {isa = PBXFileReference; fileEncoding = 4; lastKnownFileType = sourcecode.swift; path = Search.swift; sourceTree = "<group>"; };
		D91B42A11D0C5D9600AAAD58 /* GetPreviewUrl.swift */ = {isa = PBXFileReference; fileEncoding = 4; lastKnownFileType = sourcecode.swift; path = GetPreviewUrl.swift; sourceTree = "<group>"; };
		D91B42A31D0CFA2700AAAD58 /* Preview.swift */ = {isa = PBXFileReference; fileEncoding = 4; lastKnownFileType = sourcecode.swift; path = Preview.swift; sourceTree = "<group>"; };
		D91B42A71D0EFBF700AAAD58 /* History.swift */ = {isa = PBXFileReference; fileEncoding = 4; lastKnownFileType = sourcecode.swift; path = History.swift; sourceTree = "<group>"; };
		D91B42A91D0EFCD700AAAD58 /* HistoryCache.swift */ = {isa = PBXFileReference; fileEncoding = 4; lastKnownFileType = sourcecode.swift; path = HistoryCache.swift; sourceTree = "<group>"; };
		D91E68CF1D4A4A40005CF411 /* ReviewCache.swift */ = {isa = PBXFileReference; fileEncoding = 4; lastKnownFileType = sourcecode.swift; path = ReviewCache.swift; sourceTree = "<group>"; };
		D91E68D11D4A4AE3005CF411 /* Cache.swift */ = {isa = PBXFileReference; fileEncoding = 4; lastKnownFileType = sourcecode.swift; path = Cache.swift; sourceTree = "<group>"; };
		D929E4471D1C44C70045C316 /* Rss.swift */ = {isa = PBXFileReference; fileEncoding = 4; lastKnownFileType = sourcecode.swift; path = Rss.swift; sourceTree = "<group>"; };
		D929E4491D1C44E50045C316 /* GetRss.swift */ = {isa = PBXFileReference; fileEncoding = 4; lastKnownFileType = sourcecode.swift; path = GetRss.swift; sourceTree = "<group>"; };
		D929E4511D1EE9500045C316 /* Demo.app */ = {isa = PBXFileReference; explicitFileType = wrapper.application; includeInIndex = 0; path = Demo.app; sourceTree = BUILT_PRODUCTS_DIR; };
		D929E4531D1EE9500045C316 /* AppDelegate.swift */ = {isa = PBXFileReference; lastKnownFileType = sourcecode.swift; path = AppDelegate.swift; sourceTree = "<group>"; };
		D929E4551D1EE9500045C316 /* ViewController.swift */ = {isa = PBXFileReference; lastKnownFileType = sourcecode.swift; path = ViewController.swift; sourceTree = "<group>"; };
		D929E4581D1EE9500045C316 /* Base */ = {isa = PBXFileReference; lastKnownFileType = file.storyboard; name = Base; path = Base.lproj/Main.storyboard; sourceTree = "<group>"; };
		D929E45A1D1EE9500045C316 /* Assets.xcassets */ = {isa = PBXFileReference; lastKnownFileType = folder.assetcatalog; path = Assets.xcassets; sourceTree = "<group>"; };
		D929E45D1D1EE9500045C316 /* Base */ = {isa = PBXFileReference; lastKnownFileType = file.storyboard; name = Base; path = Base.lproj/LaunchScreen.storyboard; sourceTree = "<group>"; };
		D929E45F1D1EE9500045C316 /* Info.plist */ = {isa = PBXFileReference; lastKnownFileType = text.plist.xml; path = Info.plist; sourceTree = "<group>"; };
		D929E4641D1EE9510045C316 /* DemoTests.xctest */ = {isa = PBXFileReference; explicitFileType = wrapper.cfbundle; includeInIndex = 0; path = DemoTests.xctest; sourceTree = BUILT_PRODUCTS_DIR; };
		D929E4681D1EE9510045C316 /* DemoTests.swift */ = {isa = PBXFileReference; lastKnownFileType = sourcecode.swift; path = DemoTests.swift; sourceTree = "<group>"; };
		D929E46A1D1EE9510045C316 /* Info.plist */ = {isa = PBXFileReference; lastKnownFileType = text.plist.xml; path = Info.plist; sourceTree = "<group>"; };
		D929E4771D1F07630045C316 /* GenresViewController.swift */ = {isa = PBXFileReference; fileEncoding = 4; lastKnownFileType = sourcecode.swift; path = GenresViewController.swift; sourceTree = "<group>"; };
		D929E4791D1F6EBF0045C316 /* RssViewController.swift */ = {isa = PBXFileReference; fileEncoding = 4; lastKnownFileType = sourcecode.swift; path = RssViewController.swift; sourceTree = "<group>"; };
		D9494C9F1D4DBE8400A77C45 /* Entity.swift */ = {isa = PBXFileReference; fileEncoding = 4; lastKnownFileType = sourcecode.swift; path = Entity.swift; sourceTree = "<group>"; };
		D9542EF41D12DB370073C8EE /* EntityHistoryRecord.swift */ = {isa = PBXFileReference; fileEncoding = 4; lastKnownFileType = sourcecode.swift; path = EntityHistoryRecord.swift; sourceTree = "<group>"; };
		D9542EF61D136A450073C8EE /* PlaylistType.swift */ = {isa = PBXFileReference; fileEncoding = 4; lastKnownFileType = sourcecode.swift; path = PlaylistType.swift; sourceTree = "<group>"; };
		D9573C291D3E7ADD00783AA4 /* TableViewModule.swift */ = {isa = PBXFileReference; fileEncoding = 4; lastKnownFileType = sourcecode.swift; path = TableViewModule.swift; sourceTree = "<group>"; };
		D95E4CFC1D33FBD800985C66 /* BlurImageView.swift */ = {isa = PBXFileReference; fileEncoding = 4; lastKnownFileType = sourcecode.swift; path = BlurImageView.swift; sourceTree = "<group>"; };
		D95E4CFE1D34011500985C66 /* EasyBlurImageView.swift */ = {isa = PBXFileReference; fileEncoding = 4; lastKnownFileType = sourcecode.swift; path = EasyBlurImageView.swift; sourceTree = "<group>"; };
		D95E4D001D35284500985C66 /* ArtistDetailViewController.swift */ = {isa = PBXFileReference; fileEncoding = 4; lastKnownFileType = sourcecode.swift; path = ArtistDetailViewController.swift; sourceTree = "<group>"; };
		D96A67C11D55959900390D03 /* ObservableList.swift */ = {isa = PBXFileReference; fileEncoding = 4; lastKnownFileType = sourcecode.swift; path = ObservableList.swift; sourceTree = "<group>"; };
		D96A93DE1D48FBD200B693D4 /* EntityReview.swift */ = {isa = PBXFileReference; fileEncoding = 4; lastKnownFileType = sourcecode.swift; path = EntityReview.swift; sourceTree = "<group>"; };
		D96A93E01D4909F000B693D4 /* Reviews.swift */ = {isa = PBXFileReference; fileEncoding = 4; lastKnownFileType = sourcecode.swift; path = Reviews.swift; sourceTree = "<group>"; };
		D96A93E21D49110A00B693D4 /* ListReviews.swift */ = {isa = PBXFileReference; fileEncoding = 4; lastKnownFileType = sourcecode.swift; path = ListReviews.swift; sourceTree = "<group>"; };
		D96C957A1D3A17B9000116FD /* PlaylistViewController.swift */ = {isa = PBXFileReference; fileEncoding = 4; lastKnownFileType = sourcecode.swift; path = PlaylistViewController.swift; sourceTree = "<group>"; };
		D96C957C1D3A66D2000116FD /* MyPlaylist.swift */ = {isa = PBXFileReference; fileEncoding = 4; lastKnownFileType = sourcecode.swift; path = MyPlaylist.swift; sourceTree = "<group>"; };
		D96C957F1D3A6E7B000116FD /* MyPlaylistCache.swift */ = {isa = PBXFileReference; fileEncoding = 4; lastKnownFileType = sourcecode.swift; path = MyPlaylistCache.swift; sourceTree = "<group>"; };
		D96C95821D3A840F000116FD /* PlaylistDetailViewController.swift */ = {isa = PBXFileReference; fileEncoding = 4; lastKnownFileType = sourcecode.swift; path = PlaylistDetailViewController.swift; sourceTree = "<group>"; };
		D98D56691D20270C007B09DB /* RssCache.swift */ = {isa = PBXFileReference; fileEncoding = 4; lastKnownFileType = sourcecode.swift; path = RssCache.swift; sourceTree = "<group>"; };
		D99164091D37CEA90091BF09 /* ControlCenter.swift */ = {isa = PBXFileReference; fileEncoding = 4; lastKnownFileType = sourcecode.swift; path = ControlCenter.swift; sourceTree = "<group>"; };
		D99164101D37D36D0091BF09 /* Track.swift */ = {isa = PBXFileReference; fileEncoding = 4; lastKnownFileType = sourcecode.swift; path = Track.swift; sourceTree = "<group>"; };
		D9A33E1D1D6225AA00E33E5D /* PINCache.framework */ = {isa = PBXFileReference; lastKnownFileType = wrapper.framework; name = PINCache.framework; path = Carthage/Build/iOS/PINCache.framework; sourceTree = "<group>"; };
		D9A33E1E1D6225AA00E33E5D /* PINRemoteImage.framework */ = {isa = PBXFileReference; lastKnownFileType = wrapper.framework; name = PINRemoteImage.framework; path = Carthage/Build/iOS/PINRemoteImage.framework; sourceTree = "<group>"; };
		D9A33E251D6229C800E33E5D /* Realm.framework */ = {isa = PBXFileReference; lastKnownFileType = wrapper.framework; name = Realm.framework; path = Carthage/Build/iOS/Realm.framework; sourceTree = "<group>"; };
		D9A33E261D6229C800E33E5D /* RealmSwift.framework */ = {isa = PBXFileReference; lastKnownFileType = wrapper.framework; name = RealmSwift.framework; path = Carthage/Build/iOS/RealmSwift.framework; sourceTree = "<group>"; };
		D9A33E271D6229C800E33E5D /* Result.framework */ = {isa = PBXFileReference; lastKnownFileType = wrapper.framework; name = Result.framework; path = Carthage/Build/iOS/Result.framework; sourceTree = "<group>"; };
		D9A33E2B1D6229DC00E33E5D /* RxCocoa.framework */ = {isa = PBXFileReference; lastKnownFileType = wrapper.framework; name = RxCocoa.framework; path = Carthage/Build/iOS/RxCocoa.framework; sourceTree = "<group>"; };
		D9A33E2C1D6229DC00E33E5D /* RxSwift.framework */ = {isa = PBXFileReference; lastKnownFileType = wrapper.framework; name = RxSwift.framework; path = Carthage/Build/iOS/RxSwift.framework; sourceTree = "<group>"; };
		D9A33E2F1D6229E800E33E5D /* SnapKit.framework */ = {isa = PBXFileReference; lastKnownFileType = wrapper.framework; name = SnapKit.framework; path = Carthage/Build/iOS/SnapKit.framework; sourceTree = "<group>"; };
		D9A33E301D6229E800E33E5D /* SWXMLHash.framework */ = {isa = PBXFileReference; lastKnownFileType = wrapper.framework; name = SWXMLHash.framework; path = Carthage/Build/iOS/SWXMLHash.framework; sourceTree = "<group>"; };
		D9A33E311D6229E800E33E5D /* Timepiece.framework */ = {isa = PBXFileReference; lastKnownFileType = wrapper.framework; name = Timepiece.framework; path = Carthage/Build/iOS/Timepiece.framework; sourceTree = "<group>"; };
		D9A33E351D6229F300E33E5D /* APIKit.framework */ = {isa = PBXFileReference; lastKnownFileType = wrapper.framework; name = APIKit.framework; path = Carthage/Build/iOS/APIKit.framework; sourceTree = "<group>"; };
		D9A33E4A1D622EC400E33E5D /* Himotoki.framework */ = {isa = PBXFileReference; lastKnownFileType = wrapper.framework; name = Himotoki.framework; path = Carthage/Build/iOS/Himotoki.framework; sourceTree = "<group>"; };
		D9A33E4F1D62383300E33E5D /* ImageFetcher.swift */ = {isa = PBXFileReference; fileEncoding = 4; lastKnownFileType = sourcecode.swift; path = ImageFetcher.swift; sourceTree = "<group>"; };
		D9A3991D1D6962E000D0F9A4 /* WindowKit.framework */ = {isa = PBXFileReference; lastKnownFileType = wrapper.framework; name = WindowKit.framework; path = Carthage/Build/iOS/WindowKit.framework; sourceTree = "<group>"; };
		D9A3991E1D6962E900D0F9A4 /* ErrorEventHandler.framework */ = {isa = PBXFileReference; lastKnownFileType = wrapper.framework; name = ErrorEventHandler.framework; path = Carthage/Build/iOS/ErrorEventHandler.framework; sourceTree = "<group>"; };
		D9A9386A1D697EC800F91D0F /* Utils+Reactive.swift */ = {isa = PBXFileReference; fileEncoding = 4; lastKnownFileType = sourcecode.swift; path = "Utils+Reactive.swift"; sourceTree = "<group>"; };
		D9AAE06A1D261FBE00FF29C3 /* Downloader.swift */ = {isa = PBXFileReference; fileEncoding = 4; lastKnownFileType = sourcecode.swift; path = Downloader.swift; sourceTree = "<group>"; };
		D9AAE06C1D27622600FF29C3 /* AlbumDetailViewController.swift */ = {isa = PBXFileReference; fileEncoding = 4; lastKnownFileType = sourcecode.swift; path = AlbumDetailViewController.swift; sourceTree = "<group>"; };
		D9AAE06F1D276B1600FF29C3 /* EntityCollection.swift */ = {isa = PBXFileReference; fileEncoding = 4; lastKnownFileType = sourcecode.swift; path = EntityCollection.swift; sourceTree = "<group>"; };
		D9C553ED1D2E943B007C486E /* EntityPlaylist.swift */ = {isa = PBXFileReference; fileEncoding = 4; lastKnownFileType = sourcecode.swift; path = EntityPlaylist.swift; sourceTree = "<group>"; };
		D9C553EF1D2FDD62007C486E /* EntityTrackMetadata.swift */ = {isa = PBXFileReference; fileEncoding = 4; lastKnownFileType = sourcecode.swift; path = EntityTrackMetadata.swift; sourceTree = "<group>"; };
		D9EA0B4E1D27EC60001C3F2F /* Album.swift */ = {isa = PBXFileReference; fileEncoding = 4; lastKnownFileType = sourcecode.swift; path = Album.swift; sourceTree = "<group>"; };
		D9EA0B501D27FE2A001C3F2F /* AlbumCache.swift */ = {isa = PBXFileReference; fileEncoding = 4; lastKnownFileType = sourcecode.swift; path = AlbumCache.swift; sourceTree = "<group>"; };
		D9EA0B521D28AD0A001C3F2F /* EntityArtist.swift */ = {isa = PBXFileReference; fileEncoding = 4; lastKnownFileType = sourcecode.swift; path = EntityArtist.swift; sourceTree = "<group>"; };
		D9EA0B581D2AAD74001C3F2F /* Artist.swift */ = {isa = PBXFileReference; fileEncoding = 4; lastKnownFileType = sourcecode.swift; path = Artist.swift; sourceTree = "<group>"; };
		D9FD12E71D16E9B60010E81D /* LookupWithIds.swift */ = {isa = PBXFileReference; fileEncoding = 4; lastKnownFileType = sourcecode.swift; path = LookupWithIds.swift; sourceTree = "<group>"; };
		D9FD12E91D182F930010E81D /* ListGenres.swift */ = {isa = PBXFileReference; fileEncoding = 4; lastKnownFileType = sourcecode.swift; path = ListGenres.swift; sourceTree = "<group>"; };
		D9FD12EB1D1831D50010E81D /* Genres.swift */ = {isa = PBXFileReference; fileEncoding = 4; lastKnownFileType = sourcecode.swift; path = Genres.swift; sourceTree = "<group>"; };
		D9FD12ED1D18324F0010E81D /* GenresCache.swift */ = {isa = PBXFileReference; fileEncoding = 4; lastKnownFileType = sourcecode.swift; path = GenresCache.swift; sourceTree = "<group>"; };
		D9FD12EF1D1C2C610010E81D /* EntityGenre.swift */ = {isa = PBXFileReference; fileEncoding = 4; lastKnownFileType = sourcecode.swift; path = EntityGenre.swift; sourceTree = "<group>"; };
		F68CC0B1639812C2EDE6155F /* Pods_iTunesMusic.framework */ = {isa = PBXFileReference; explicitFileType = wrapper.framework; includeInIndex = 0; path = Pods_iTunesMusic.framework; sourceTree = BUILT_PRODUCTS_DIR; };
/* End PBXFileReference section */

/* Begin PBXFrameworksBuildPhase section */
		D91B426F1D043D5A00AAAD58 /* Frameworks */ = {
			isa = PBXFrameworksBuildPhase;
			buildActionMask = 2147483647;
			files = (
				D9A3991F1D6962FF00D0F9A4 /* ErrorEventHandler.framework in Frameworks */,
				D9A33E281D6229C800E33E5D /* Realm.framework in Frameworks */,
				D9A33E341D6229E800E33E5D /* Timepiece.framework in Frameworks */,
				D9A33E4B1D622EC400E33E5D /* Himotoki.framework in Frameworks */,
				D9A33E2E1D6229DC00E33E5D /* RxSwift.framework in Frameworks */,
				D9A33E321D6229E800E33E5D /* SnapKit.framework in Frameworks */,
				D9A33E291D6229C800E33E5D /* RealmSwift.framework in Frameworks */,
				D9A33E2D1D6229DC00E33E5D /* RxCocoa.framework in Frameworks */,
				D9A33E331D6229E800E33E5D /* SWXMLHash.framework in Frameworks */,
				D9A33E361D6229F300E33E5D /* APIKit.framework in Frameworks */,
				D9A33E2A1D6229C800E33E5D /* Result.framework in Frameworks */,
			);
			runOnlyForDeploymentPostprocessing = 0;
		};
		D91B427A1D043D5B00AAAD58 /* Frameworks */ = {
			isa = PBXFrameworksBuildPhase;
			buildActionMask = 2147483647;
			files = (
				D91B427E1D043D5B00AAAD58 /* iTunesMusic.framework in Frameworks */,
				9440D4716F451C3207D843DE /* Pods_iTunesMusicTests.framework in Frameworks */,
			);
			runOnlyForDeploymentPostprocessing = 0;
		};
		D929E44E1D1EE9500045C316 /* Frameworks */ = {
			isa = PBXFrameworksBuildPhase;
			buildActionMask = 2147483647;
			files = (
				D9A399201D69630500D0F9A4 /* ErrorEventHandler.framework in Frameworks */,
				D9A33E411D622A3B00E33E5D /* RxSwift.framework in Frameworks */,
				D9A33E3F1D622A3B00E33E5D /* RxCocoa.framework in Frameworks */,
				D9A33E451D622A3B00E33E5D /* RealmSwift.framework in Frameworks */,
				D9A33E211D6225BD00E33E5D /* PINCache.framework in Frameworks */,
				D9A33E4C1D622ECA00E33E5D /* Himotoki.framework in Frameworks */,
				D9A33E3B1D622A3B00E33E5D /* SWXMLHash.framework in Frameworks */,
				D929E4711D1EE9600045C316 /* iTunesMusic.framework in Frameworks */,
				D9A33E231D6225BD00E33E5D /* PINRemoteImage.framework in Frameworks */,
				D9A33E471D622A3B00E33E5D /* Result.framework in Frameworks */,
				D9A33E3D1D622A3B00E33E5D /* Timepiece.framework in Frameworks */,
				D9A33E391D622A3B00E33E5D /* SnapKit.framework in Frameworks */,
				D9A33E371D622A3B00E33E5D /* APIKit.framework in Frameworks */,
				D9A33E431D622A3B00E33E5D /* Realm.framework in Frameworks */,
				D9A399221D69630A00D0F9A4 /* WindowKit.framework in Frameworks */,
			);
			runOnlyForDeploymentPostprocessing = 0;
		};
		D929E4611D1EE9510045C316 /* Frameworks */ = {
			isa = PBXFrameworksBuildPhase;
			buildActionMask = 2147483647;
			files = (
			);
			runOnlyForDeploymentPostprocessing = 0;
		};
/* End PBXFrameworksBuildPhase section */

/* Begin PBXGroup section */
		636759DDAED094E189FCD6B0 /* Frameworks */ = {
			isa = PBXGroup;
			children = (
				D9A3991E1D6962E900D0F9A4 /* ErrorEventHandler.framework */,
				D9A3991D1D6962E000D0F9A4 /* WindowKit.framework */,
				D9A33E4A1D622EC400E33E5D /* Himotoki.framework */,
				D9A33E351D6229F300E33E5D /* APIKit.framework */,
				D9A33E2F1D6229E800E33E5D /* SnapKit.framework */,
				D9A33E301D6229E800E33E5D /* SWXMLHash.framework */,
				D9A33E311D6229E800E33E5D /* Timepiece.framework */,
				D9A33E2B1D6229DC00E33E5D /* RxCocoa.framework */,
				D9A33E2C1D6229DC00E33E5D /* RxSwift.framework */,
				D9A33E251D6229C800E33E5D /* Realm.framework */,
				D9A33E261D6229C800E33E5D /* RealmSwift.framework */,
				D9A33E271D6229C800E33E5D /* Result.framework */,
				D9A33E1D1D6225AA00E33E5D /* PINCache.framework */,
				D9A33E1E1D6225AA00E33E5D /* PINRemoteImage.framework */,
				7284E2A9B4A75AC0E54D5D96 /* Pods_Demo.framework */,
				F68CC0B1639812C2EDE6155F /* Pods_iTunesMusic.framework */,
				73C70BA6595B76F28DE6BF39 /* Pods_iTunesMusicTests.framework */,
			);
			name = Frameworks;
			sourceTree = "<group>";
		};
		D912A8761D5593E300C62617 /* Protocol */ = {
			isa = PBXGroup;
			children = (
				D912A8771D55946B00C62617 /* Fetchable.swift */,
				D96A67C11D55959900390D03 /* ObservableList.swift */,
			);
			path = Protocol;
			sourceTree = "<group>";
		};
		D9165FE01D2C03C300B701E3 /* Player */ = {
			isa = PBXGroup;
			children = (
				D9165FE11D2C03C300B701E3 /* CrossFadePlayer.swift */,
				D9165FE21D2C03C300B701E3 /* Player.swift */,
				D9165FE31D2C03C300B701E3 /* PlayerImpl.swift */,
			);
			path = Player;
			sourceTree = "<group>";
		};
		D91B42691D043D5A00AAAD58 = {
			isa = PBXGroup;
			children = (
				D91B428D1D043D6400AAAD58 /* Sources */,
				D91B42751D043D5A00AAAD58 /* iTunesMusic */,
				D91B42811D043D5B00AAAD58 /* iTunesMusicTests */,
				D929E4521D1EE9500045C316 /* Demo */,
				D929E4671D1EE9510045C316 /* DemoTests */,
				D91B42741D043D5A00AAAD58 /* Products */,
				636759DDAED094E189FCD6B0 /* Frameworks */,
			);
			sourceTree = "<group>";
		};
		D91B42741D043D5A00AAAD58 /* Products */ = {
			isa = PBXGroup;
			children = (
				D91B42731D043D5A00AAAD58 /* iTunesMusic.framework */,
				D91B427D1D043D5B00AAAD58 /* iTunesMusicTests.xctest */,
				D929E4511D1EE9500045C316 /* Demo.app */,
				D929E4641D1EE9510045C316 /* DemoTests.xctest */,
			);
			name = Products;
			sourceTree = "<group>";
		};
		D91B42751D043D5A00AAAD58 /* iTunesMusic */ = {
			isa = PBXGroup;
			children = (
				D91B42761D043D5A00AAAD58 /* iTunesMusic.h */,
				D91B42781D043D5A00AAAD58 /* Info.plist */,
			);
			path = iTunesMusic;
			sourceTree = "<group>";
		};
		D91B42811D043D5B00AAAD58 /* iTunesMusicTests */ = {
			isa = PBXGroup;
			children = (
				D91B42821D043D5B00AAAD58 /* iTunesMusicTests.swift */,
				D91B42841D043D5B00AAAD58 /* Info.plist */,
			);
			path = iTunesMusicTests;
			sourceTree = "<group>";
		};
		D91B428D1D043D6400AAAD58 /* Sources */ = {
			isa = PBXGroup;
			children = (
				D9165FE01D2C03C300B701E3 /* Player */,
				D91B429C1D08625200AAAD58 /* Model */,
				D91B42911D04C46C00AAAD58 /* Cache */,
				D91B428E1D044AD200AAAD58 /* Entity */,
				D91B42961D07071400AAAD58 /* API */,
				D91B42991D070FA600AAAD58 /* iTunesMusic.swift */,
				D9165FEE1D2C0ADD00B701E3 /* Utils.swift */,
			);
			path = Sources;
			sourceTree = "<group>";
		};
		D91B428E1D044AD200AAAD58 /* Entity */ = {
			isa = PBXGroup;
			children = (
				D9494C9F1D4DBE8400A77C45 /* Entity.swift */,
				D9EA0B521D28AD0A001C3F2F /* EntityArtist.swift */,
				D9AAE06F1D276B1600FF29C3 /* EntityCollection.swift */,
				D91B428F1D044AE600AAAD58 /* EntityTrack.swift */,
				D9C553EF1D2FDD62007C486E /* EntityTrackMetadata.swift */,
				D9542EF41D12DB370073C8EE /* EntityHistoryRecord.swift */,
				D9FD12EF1D1C2C610010E81D /* EntityGenre.swift */,
				D9C553ED1D2E943B007C486E /* EntityPlaylist.swift */,
				D96A93DE1D48FBD200B693D4 /* EntityReview.swift */,
			);
			path = Entity;
			sourceTree = "<group>";
		};
		D91B42911D04C46C00AAAD58 /* Cache */ = {
			isa = PBXGroup;
			children = (
				D91E68D11D4A4AE3005CF411 /* Cache.swift */,
				D91B42941D05BBDB00AAAD58 /* SearchCache.swift */,
				D91B42A91D0EFCD700AAAD58 /* HistoryCache.swift */,
				D9FD12ED1D18324F0010E81D /* GenresCache.swift */,
				D98D56691D20270C007B09DB /* RssCache.swift */,
				D9EA0B501D27FE2A001C3F2F /* AlbumCache.swift */,
				D9165FDE1D2BF2B800B701E3 /* ArtistCache.swift */,
				D96C957F1D3A6E7B000116FD /* MyPlaylistCache.swift */,
				D91E68CF1D4A4A40005CF411 /* ReviewCache.swift */,
			);
			path = Cache;
			sourceTree = "<group>";
		};
		D91B42961D07071400AAAD58 /* API */ = {
			isa = PBXGroup;
			children = (
				D9165FEC1D2C0AA300B701E3 /* Api.swift */,
				D9134E2B1D5779F200636C10 /* SearchHintTrends.swift */,
				D91B42971D07085300AAAD58 /* SearchWithKeyword.swift */,
				D9FD12E71D16E9B60010E81D /* LookupWithIds.swift */,
				D91B42A11D0C5D9600AAAD58 /* GetPreviewUrl.swift */,
				D9FD12E91D182F930010E81D /* ListGenres.swift */,
				D929E4491D1C44E50045C316 /* GetRss.swift */,
				D96A93E21D49110A00B693D4 /* ListReviews.swift */,
			);
			path = API;
			sourceTree = "<group>";
		};
		D91B429C1D08625200AAAD58 /* Model */ = {
			isa = PBXGroup;
			children = (
				D912A8761D5593E300C62617 /* Protocol */,
				D9165FE71D2C040C00B701E3 /* Model.swift */,
				D9542EF61D136A450073C8EE /* PlaylistType.swift */,
				D91B429F1D08640800AAAD58 /* Search.swift */,
				D91B42A31D0CFA2700AAAD58 /* Preview.swift */,
				D91B42A71D0EFBF700AAAD58 /* History.swift */,
				D9FD12EB1D1831D50010E81D /* Genres.swift */,
				D929E4471D1C44C70045C316 /* Rss.swift */,
				D9AAE06A1D261FBE00FF29C3 /* Downloader.swift */,
				D9EA0B4E1D27EC60001C3F2F /* Album.swift */,
				D9EA0B581D2AAD74001C3F2F /* Artist.swift */,
				D99164101D37D36D0091BF09 /* Track.swift */,
				D96C957C1D3A66D2000116FD /* MyPlaylist.swift */,
				D96A93E01D4909F000B693D4 /* Reviews.swift */,
			);
			path = Model;
			sourceTree = "<group>";
		};
		D929E4521D1EE9500045C316 /* Demo */ = {
			isa = PBXGroup;
			children = (
				D9A33E4E1D6237FF00E33E5D /* Utils */,
				D9573C281D3E7ACC00783AA4 /* Module */,
				D99164081D37CEA90091BF09 /* Middleware */,
				D95E4CFB1D33FBC300985C66 /* CustomViews */,
				D9AAE06E1D27624500FF29C3 /* TableViewCells */,
				D929E4761D1F04820045C316 /* Views */,
				D929E4531D1EE9500045C316 /* AppDelegate.swift */,
				D929E4551D1EE9500045C316 /* ViewController.swift */,
				D929E4571D1EE9500045C316 /* Main.storyboard */,
				D929E45A1D1EE9500045C316 /* Assets.xcassets */,
				D929E45C1D1EE9500045C316 /* LaunchScreen.storyboard */,
				D929E45F1D1EE9500045C316 /* Info.plist */,
			);
			path = Demo;
			sourceTree = "<group>";
		};
		D929E4671D1EE9510045C316 /* DemoTests */ = {
			isa = PBXGroup;
			children = (
				D929E4681D1EE9510045C316 /* DemoTests.swift */,
				D929E46A1D1EE9510045C316 /* Info.plist */,
			);
			path = DemoTests;
			sourceTree = "<group>";
		};
		D929E4761D1F04820045C316 /* Views */ = {
			isa = PBXGroup;
			children = (
				D929E4771D1F07630045C316 /* GenresViewController.swift */,
				D929E4791D1F6EBF0045C316 /* RssViewController.swift */,
				D91390AA1D1F8F0F00E7FE61 /* SearchViewController.swift */,
				D9AAE06C1D27622600FF29C3 /* AlbumDetailViewController.swift */,
				D95E4D001D35284500985C66 /* ArtistDetailViewController.swift */,
				D96C957A1D3A17B9000116FD /* PlaylistViewController.swift */,
				D96C95821D3A840F000116FD /* PlaylistDetailViewController.swift */,
				D9193C721D451214006763EC /* NewPlaylistEditorViewController.swift */,
			);
			path = Views;
			sourceTree = "<group>";
		};
		D9573C281D3E7ACC00783AA4 /* Module */ = {
			isa = PBXGroup;
			children = (
				D9573C291D3E7ADD00783AA4 /* TableViewModule.swift */,
			);
			path = Module;
			sourceTree = "<group>";
		};
		D95E4CFB1D33FBC300985C66 /* CustomViews */ = {
			isa = PBXGroup;
			children = (
				D95E4CFC1D33FBD800985C66 /* BlurImageView.swift */,
				D95E4CFE1D34011500985C66 /* EasyBlurImageView.swift */,
			);
			path = CustomViews;
			sourceTree = "<group>";
		};
		D99164081D37CEA90091BF09 /* Middleware */ = {
			isa = PBXGroup;
			children = (
				D99164091D37CEA90091BF09 /* ControlCenter.swift */,
			);
			path = Middleware;
			sourceTree = "<group>";
		};
		D9A33E4E1D6237FF00E33E5D /* Utils */ = {
			isa = PBXGroup;
			children = (
				D9A33E4F1D62383300E33E5D /* ImageFetcher.swift */,
				D9A9386A1D697EC800F91D0F /* Utils+Reactive.swift */,
			);
			path = Utils;
			sourceTree = "<group>";
		};
		D9AAE06E1D27624500FF29C3 /* TableViewCells */ = {
			isa = PBXGroup;
			children = (
			);
			path = TableViewCells;
			sourceTree = "<group>";
		};
/* End PBXGroup section */

/* Begin PBXHeadersBuildPhase section */
		D91B42701D043D5A00AAAD58 /* Headers */ = {
			isa = PBXHeadersBuildPhase;
			buildActionMask = 2147483647;
			files = (
				D91B42771D043D5A00AAAD58 /* iTunesMusic.h in Headers */,
			);
			runOnlyForDeploymentPostprocessing = 0;
		};
/* End PBXHeadersBuildPhase section */

/* Begin PBXNativeTarget section */
		D91B42721D043D5A00AAAD58 /* iTunesMusic */ = {
			isa = PBXNativeTarget;
			buildConfigurationList = D91B42871D043D5B00AAAD58 /* Build configuration list for PBXNativeTarget "iTunesMusic" */;
			buildPhases = (
				D96A93DB1D48DCD400B693D4 /* Run Swiftlint */,
				D91B426E1D043D5A00AAAD58 /* Sources */,
				D91B426F1D043D5A00AAAD58 /* Frameworks */,
				D91B42701D043D5A00AAAD58 /* Headers */,
				D91B42711D043D5A00AAAD58 /* Resources */,
			);
			buildRules = (
			);
			dependencies = (
			);
			name = iTunesMusic;
			productName = iTunesMusic;
			productReference = D91B42731D043D5A00AAAD58 /* iTunesMusic.framework */;
			productType = "com.apple.product-type.framework";
		};
		D91B427C1D043D5B00AAAD58 /* iTunesMusicTests */ = {
			isa = PBXNativeTarget;
			buildConfigurationList = D91B428A1D043D5B00AAAD58 /* Build configuration list for PBXNativeTarget "iTunesMusicTests" */;
			buildPhases = (
				869962969FC6CCEB54F5A605 /* [CP] Check Pods Manifest.lock */,
				D91B42791D043D5B00AAAD58 /* Sources */,
				D91B427A1D043D5B00AAAD58 /* Frameworks */,
				D91B427B1D043D5B00AAAD58 /* Resources */,
				C018292CD6FF660FBB913748 /* [CP] Embed Pods Frameworks */,
				EA7987E5B3D124EA4B1E3432 /* [CP] Copy Pods Resources */,
			);
			buildRules = (
			);
			dependencies = (
				D91B42801D043D5B00AAAD58 /* PBXTargetDependency */,
			);
			name = iTunesMusicTests;
			productName = iTunesMusicTests;
			productReference = D91B427D1D043D5B00AAAD58 /* iTunesMusicTests.xctest */;
			productType = "com.apple.product-type.bundle.unit-test";
		};
		D929E4501D1EE9500045C316 /* Demo */ = {
			isa = PBXNativeTarget;
			buildConfigurationList = D929E46B1D1EE9510045C316 /* Build configuration list for PBXNativeTarget "Demo" */;
			buildPhases = (
				D929E44D1D1EE9500045C316 /* Sources */,
				D929E44E1D1EE9500045C316 /* Frameworks */,
				D929E44F1D1EE9500045C316 /* Resources */,
				D929E4751D1EE9600045C316 /* Embed Frameworks */,
			);
			buildRules = (
			);
			dependencies = (
				D929E4741D1EE9600045C316 /* PBXTargetDependency */,
			);
			name = Demo;
			productName = Demo;
			productReference = D929E4511D1EE9500045C316 /* Demo.app */;
			productType = "com.apple.product-type.application";
		};
		D929E4631D1EE9510045C316 /* DemoTests */ = {
			isa = PBXNativeTarget;
			buildConfigurationList = D929E46E1D1EE9510045C316 /* Build configuration list for PBXNativeTarget "DemoTests" */;
			buildPhases = (
				D929E4601D1EE9510045C316 /* Sources */,
				D929E4611D1EE9510045C316 /* Frameworks */,
				D929E4621D1EE9510045C316 /* Resources */,
			);
			buildRules = (
			);
			dependencies = (
				D929E4661D1EE9510045C316 /* PBXTargetDependency */,
			);
			name = DemoTests;
			productName = DemoTests;
			productReference = D929E4641D1EE9510045C316 /* DemoTests.xctest */;
			productType = "com.apple.product-type.bundle.unit-test";
		};
/* End PBXNativeTarget section */

/* Begin PBXProject section */
		D91B426A1D043D5A00AAAD58 /* Project object */ = {
			isa = PBXProject;
			attributes = {
				LastSwiftUpdateCheck = 0730;
				LastUpgradeCheck = 0800;
				ORGANIZATIONNAME = jp.sora0077;
				TargetAttributes = {
					D91B42721D043D5A00AAAD58 = {
						CreatedOnToolsVersion = 7.3.1;
						LastSwiftMigration = 0800;
					};
					D91B427C1D043D5B00AAAD58 = {
						CreatedOnToolsVersion = 7.3.1;
					};
					D929E4501D1EE9500045C316 = {
						CreatedOnToolsVersion = 7.3.1;
						DevelopmentTeam = B2TD54U4MA;
						DevelopmentTeamName = "Tatsuya Hayashi";
						LastSwiftMigration = 0800;
						ProvisioningStyle = Automatic;
						SystemCapabilities = {
							com.apple.BackgroundModes = {
								enabled = 1;
							};
						};
					};
					D929E4631D1EE9510045C316 = {
						CreatedOnToolsVersion = 7.3.1;
						LastSwiftMigration = 0800;
						TestTargetID = D929E4501D1EE9500045C316;
					};
				};
			};
			buildConfigurationList = D91B426D1D043D5A00AAAD58 /* Build configuration list for PBXProject "iTunesMusic" */;
			compatibilityVersion = "Xcode 3.2";
			developmentRegion = English;
			hasScannedForEncodings = 0;
			knownRegions = (
				en,
				Base,
			);
			mainGroup = D91B42691D043D5A00AAAD58;
			productRefGroup = D91B42741D043D5A00AAAD58 /* Products */;
			projectDirPath = "";
			projectRoot = "";
			targets = (
				D91B42721D043D5A00AAAD58 /* iTunesMusic */,
				D91B427C1D043D5B00AAAD58 /* iTunesMusicTests */,
				D929E4501D1EE9500045C316 /* Demo */,
				D929E4631D1EE9510045C316 /* DemoTests */,
			);
		};
/* End PBXProject section */

/* Begin PBXResourcesBuildPhase section */
		D91B42711D043D5A00AAAD58 /* Resources */ = {
			isa = PBXResourcesBuildPhase;
			buildActionMask = 2147483647;
			files = (
			);
			runOnlyForDeploymentPostprocessing = 0;
		};
		D91B427B1D043D5B00AAAD58 /* Resources */ = {
			isa = PBXResourcesBuildPhase;
			buildActionMask = 2147483647;
			files = (
			);
			runOnlyForDeploymentPostprocessing = 0;
		};
		D929E44F1D1EE9500045C316 /* Resources */ = {
			isa = PBXResourcesBuildPhase;
			buildActionMask = 2147483647;
			files = (
				D929E45E1D1EE9500045C316 /* LaunchScreen.storyboard in Resources */,
				D929E45B1D1EE9500045C316 /* Assets.xcassets in Resources */,
				D929E4591D1EE9500045C316 /* Main.storyboard in Resources */,
			);
			runOnlyForDeploymentPostprocessing = 0;
		};
		D929E4621D1EE9510045C316 /* Resources */ = {
			isa = PBXResourcesBuildPhase;
			buildActionMask = 2147483647;
			files = (
			);
			runOnlyForDeploymentPostprocessing = 0;
		};
/* End PBXResourcesBuildPhase section */

/* Begin PBXShellScriptBuildPhase section */
		869962969FC6CCEB54F5A605 /* [CP] Check Pods Manifest.lock */ = {
			isa = PBXShellScriptBuildPhase;
			buildActionMask = 2147483647;
			files = (
			);
			inputPaths = (
			);
			name = "[CP] Check Pods Manifest.lock";
			outputPaths = (
			);
			runOnlyForDeploymentPostprocessing = 0;
			shellPath = /bin/sh;
			shellScript = "diff \"${PODS_ROOT}/../Podfile.lock\" \"${PODS_ROOT}/Manifest.lock\" > /dev/null\nif [[ $? != 0 ]] ; then\n    cat << EOM\nerror: The sandbox is not in sync with the Podfile.lock. Run 'pod install' or update your CocoaPods installation.\nEOM\n    exit 1\nfi\n";
			showEnvVarsInLog = 0;
		};
		C018292CD6FF660FBB913748 /* [CP] Embed Pods Frameworks */ = {
			isa = PBXShellScriptBuildPhase;
			buildActionMask = 2147483647;
			files = (
			);
			inputPaths = (
			);
			name = "[CP] Embed Pods Frameworks";
			outputPaths = (
			);
			runOnlyForDeploymentPostprocessing = 0;
			shellPath = /bin/sh;
			shellScript = "\"${SRCROOT}/Pods/Target Support Files/Pods-iTunesMusicTests/Pods-iTunesMusicTests-frameworks.sh\"\n";
			showEnvVarsInLog = 0;
		};
		D96A93DB1D48DCD400B693D4 /* Run Swiftlint */ = {
			isa = PBXShellScriptBuildPhase;
			buildActionMask = 2147483647;
			files = (
			);
			inputPaths = (
			);
			name = "Run Swiftlint";
			outputPaths = (
			);
			runOnlyForDeploymentPostprocessing = 0;
			shellPath = /bin/sh;
			shellScript = "if which swiftlint >/dev/null; then\n    swiftlint autocorrect\n    swiftlint\nelse\n    echo \"warning: SwiftLint not installed, download from https://github.com/realm/SwiftLint\"\nfi";
		};
		EA7987E5B3D124EA4B1E3432 /* [CP] Copy Pods Resources */ = {
			isa = PBXShellScriptBuildPhase;
			buildActionMask = 2147483647;
			files = (
			);
			inputPaths = (
			);
			name = "[CP] Copy Pods Resources";
			outputPaths = (
			);
			runOnlyForDeploymentPostprocessing = 0;
			shellPath = /bin/sh;
			shellScript = "\"${SRCROOT}/Pods/Target Support Files/Pods-iTunesMusicTests/Pods-iTunesMusicTests-resources.sh\"\n";
			showEnvVarsInLog = 0;
		};
/* End PBXShellScriptBuildPhase section */

/* Begin PBXSourcesBuildPhase section */
		D91B426E1D043D5A00AAAD58 /* Sources */ = {
			isa = PBXSourcesBuildPhase;
			buildActionMask = 2147483647;
			files = (
				D9AAE06B1D261FBE00FF29C3 /* Downloader.swift in Sources */,
				D9FD12EE1D18324F0010E81D /* GenresCache.swift in Sources */,
				D91E68D01D4A4A40005CF411 /* ReviewCache.swift in Sources */,
				D98D566A1D20270C007B09DB /* RssCache.swift in Sources */,
				D9542EF71D136A450073C8EE /* PlaylistType.swift in Sources */,
				D9134E2C1D5779F200636C10 /* SearchHintTrends.swift in Sources */,
				D9165FDF1D2BF2B900B701E3 /* ArtistCache.swift in Sources */,
				D9165FE61D2C03C300B701E3 /* PlayerImpl.swift in Sources */,
				D99164121D37D37C0091BF09 /* Track.swift in Sources */,
				D91B42951D05BBDB00AAAD58 /* SearchCache.swift in Sources */,
				D929E4481D1C44C70045C316 /* Rss.swift in Sources */,
				D91E68D21D4A4AE3005CF411 /* Cache.swift in Sources */,
				D9165FEF1D2C0ADD00B701E3 /* Utils.swift in Sources */,
				D91B42A41D0CFA2700AAAD58 /* Preview.swift in Sources */,
				D9FD12F01D1C2C610010E81D /* EntityGenre.swift in Sources */,
				D9EA0B511D27FE2A001C3F2F /* AlbumCache.swift in Sources */,
				D9542EF51D12DB370073C8EE /* EntityHistoryRecord.swift in Sources */,
				D912A8781D55946B00C62617 /* Fetchable.swift in Sources */,
				D96A67C21D55959900390D03 /* ObservableList.swift in Sources */,
				D91B42981D07085300AAAD58 /* SearchWithKeyword.swift in Sources */,
				D91B42A81D0EFBF700AAAD58 /* History.swift in Sources */,
				D9AAE0711D276DFB00FF29C3 /* EntityCollection.swift in Sources */,
				D9FD12E81D16E9B60010E81D /* LookupWithIds.swift in Sources */,
				D9FD12EC1D1831D50010E81D /* Genres.swift in Sources */,
				D9C553EE1D2E943B007C486E /* EntityPlaylist.swift in Sources */,
				D9FD12EA1D182F930010E81D /* ListGenres.swift in Sources */,
				D9EA0B531D28AD0A001C3F2F /* EntityArtist.swift in Sources */,
				D9165FE51D2C03C300B701E3 /* Player.swift in Sources */,
				D96A93DF1D48FBD200B693D4 /* EntityReview.swift in Sources */,
				D96A93E11D4909F000B693D4 /* Reviews.swift in Sources */,
				D96C95811D3A6F4B000116FD /* MyPlaylistCache.swift in Sources */,
				D929E44A1D1C44E50045C316 /* GetRss.swift in Sources */,
				D96A93E31D49110A00B693D4 /* ListReviews.swift in Sources */,
				D91B42A01D08640800AAAD58 /* Search.swift in Sources */,
				D9EA0B4F1D27EC60001C3F2F /* Album.swift in Sources */,
				D91B429A1D070FA600AAAD58 /* iTunesMusic.swift in Sources */,
				D9165FE81D2C040C00B701E3 /* Model.swift in Sources */,
				D9165FED1D2C0AA300B701E3 /* Api.swift in Sources */,
				D91B42901D044AE600AAAD58 /* EntityTrack.swift in Sources */,
				D9C553F01D2FDD62007C486E /* EntityTrackMetadata.swift in Sources */,
				D96C957E1D3A6CCB000116FD /* MyPlaylist.swift in Sources */,
				D9165FE41D2C03C300B701E3 /* CrossFadePlayer.swift in Sources */,
				D9494CA01D4DBE8400A77C45 /* Entity.swift in Sources */,
				D91B42A21D0C5D9600AAAD58 /* GetPreviewUrl.swift in Sources */,
				D9EA0B591D2AAD74001C3F2F /* Artist.swift in Sources */,
				D91B42AA1D0EFCD700AAAD58 /* HistoryCache.swift in Sources */,
			);
			runOnlyForDeploymentPostprocessing = 0;
		};
		D91B42791D043D5B00AAAD58 /* Sources */ = {
			isa = PBXSourcesBuildPhase;
			buildActionMask = 2147483647;
			files = (
				D91B42831D043D5B00AAAD58 /* iTunesMusicTests.swift in Sources */,
			);
			runOnlyForDeploymentPostprocessing = 0;
		};
		D929E44D1D1EE9500045C316 /* Sources */ = {
			isa = PBXSourcesBuildPhase;
			buildActionMask = 2147483647;
			files = (
				D91390AB1D1F8F0F00E7FE61 /* SearchViewController.swift in Sources */,
				D95E4D011D35284500985C66 /* ArtistDetailViewController.swift in Sources */,
				D9193C731D451214006763EC /* NewPlaylistEditorViewController.swift in Sources */,
				D929E4781D1F07630045C316 /* GenresViewController.swift in Sources */,
				D929E47A1D1F6EBF0045C316 /* RssViewController.swift in Sources */,
				D9573C2A1D3E7ADD00783AA4 /* TableViewModule.swift in Sources */,
				D929E4561D1EE9500045C316 /* ViewController.swift in Sources */,
				D929E4541D1EE9500045C316 /* AppDelegate.swift in Sources */,
				D991640A1D37CEA90091BF09 /* ControlCenter.swift in Sources */,
				D9A33E501D62383300E33E5D /* ImageFetcher.swift in Sources */,
				D96C957B1D3A17B9000116FD /* PlaylistViewController.swift in Sources */,
				D9AAE06D1D27622600FF29C3 /* AlbumDetailViewController.swift in Sources */,
				D96C95831D3A840F000116FD /* PlaylistDetailViewController.swift in Sources */,
				D95E4CFD1D33FBD800985C66 /* BlurImageView.swift in Sources */,
				D9A9386B1D697EC800F91D0F /* Utils+Reactive.swift in Sources */,
				D95E4CFF1D34011500985C66 /* EasyBlurImageView.swift in Sources */,
			);
			runOnlyForDeploymentPostprocessing = 0;
		};
		D929E4601D1EE9510045C316 /* Sources */ = {
			isa = PBXSourcesBuildPhase;
			buildActionMask = 2147483647;
			files = (
				D929E4691D1EE9510045C316 /* DemoTests.swift in Sources */,
			);
			runOnlyForDeploymentPostprocessing = 0;
		};
/* End PBXSourcesBuildPhase section */

/* Begin PBXTargetDependency section */
		D91B42801D043D5B00AAAD58 /* PBXTargetDependency */ = {
			isa = PBXTargetDependency;
			target = D91B42721D043D5A00AAAD58 /* iTunesMusic */;
			targetProxy = D91B427F1D043D5B00AAAD58 /* PBXContainerItemProxy */;
		};
		D929E4661D1EE9510045C316 /* PBXTargetDependency */ = {
			isa = PBXTargetDependency;
			target = D929E4501D1EE9500045C316 /* Demo */;
			targetProxy = D929E4651D1EE9510045C316 /* PBXContainerItemProxy */;
		};
		D929E4741D1EE9600045C316 /* PBXTargetDependency */ = {
			isa = PBXTargetDependency;
			target = D91B42721D043D5A00AAAD58 /* iTunesMusic */;
			targetProxy = D929E4731D1EE9600045C316 /* PBXContainerItemProxy */;
		};
/* End PBXTargetDependency section */

/* Begin PBXVariantGroup section */
		D929E4571D1EE9500045C316 /* Main.storyboard */ = {
			isa = PBXVariantGroup;
			children = (
				D929E4581D1EE9500045C316 /* Base */,
				D90AAA071D4B7B94007D701B /* ja */,
			);
			name = Main.storyboard;
			sourceTree = "<group>";
		};
		D929E45C1D1EE9500045C316 /* LaunchScreen.storyboard */ = {
			isa = PBXVariantGroup;
			children = (
				D929E45D1D1EE9500045C316 /* Base */,
				D90AAA081D4B7B94007D701B /* ja */,
			);
			name = LaunchScreen.storyboard;
			sourceTree = "<group>";
		};
/* End PBXVariantGroup section */

/* Begin XCBuildConfiguration section */
		D91B42851D043D5B00AAAD58 /* Debug */ = {
			isa = XCBuildConfiguration;
			buildSettings = {
				ALWAYS_SEARCH_USER_PATHS = NO;
				CLANG_ANALYZER_LOCALIZABILITY_NONLOCALIZED = YES;
				CLANG_ANALYZER_NONNULL = YES;
				CLANG_CXX_LANGUAGE_STANDARD = "gnu++0x";
				CLANG_CXX_LIBRARY = "libc++";
				CLANG_ENABLE_MODULES = YES;
				CLANG_ENABLE_OBJC_ARC = YES;
				CLANG_WARN_BOOL_CONVERSION = YES;
				CLANG_WARN_CONSTANT_CONVERSION = YES;
				CLANG_WARN_DIRECT_OBJC_ISA_USAGE = YES_ERROR;
				CLANG_WARN_EMPTY_BODY = YES;
				CLANG_WARN_ENUM_CONVERSION = YES;
				CLANG_WARN_INFINITE_RECURSION = YES;
				CLANG_WARN_INT_CONVERSION = YES;
				CLANG_WARN_OBJC_ROOT_CLASS = YES_ERROR;
				CLANG_WARN_SUSPICIOUS_MOVE = YES;
				CLANG_WARN_UNREACHABLE_CODE = YES;
				CLANG_WARN__DUPLICATE_METHOD_MATCH = YES;
				"CODE_SIGN_IDENTITY[sdk=iphoneos*]" = "iPhone Developer";
				COPY_PHASE_STRIP = NO;
				CURRENT_PROJECT_VERSION = 1;
				DEBUG_INFORMATION_FORMAT = dwarf;
				ENABLE_STRICT_OBJC_MSGSEND = YES;
				ENABLE_TESTABILITY = YES;
				GCC_C_LANGUAGE_STANDARD = gnu99;
				GCC_DYNAMIC_NO_PIC = NO;
				GCC_NO_COMMON_BLOCKS = YES;
				GCC_OPTIMIZATION_LEVEL = 0;
				GCC_PREPROCESSOR_DEFINITIONS = (
					"DEBUG=1",
					"$(inherited)",
				);
				GCC_WARN_64_TO_32_BIT_CONVERSION = YES;
				GCC_WARN_ABOUT_RETURN_TYPE = YES_ERROR;
				GCC_WARN_UNDECLARED_SELECTOR = YES;
				GCC_WARN_UNINITIALIZED_AUTOS = YES_AGGRESSIVE;
				GCC_WARN_UNUSED_FUNCTION = YES;
				GCC_WARN_UNUSED_VARIABLE = YES;
				IPHONEOS_DEPLOYMENT_TARGET = 9.3;
				MTL_ENABLE_DEBUG_INFO = YES;
				ONLY_ACTIVE_ARCH = YES;
				SDKROOT = iphoneos;
				SWIFT_OPTIMIZATION_LEVEL = "-Onone";
				TARGETED_DEVICE_FAMILY = "1,2";
				VERSIONING_SYSTEM = "apple-generic";
				VERSION_INFO_PREFIX = "";
			};
			name = Debug;
		};
		D91B42861D043D5B00AAAD58 /* Release */ = {
			isa = XCBuildConfiguration;
			buildSettings = {
				ALWAYS_SEARCH_USER_PATHS = NO;
				CLANG_ANALYZER_LOCALIZABILITY_NONLOCALIZED = YES;
				CLANG_ANALYZER_NONNULL = YES;
				CLANG_CXX_LANGUAGE_STANDARD = "gnu++0x";
				CLANG_CXX_LIBRARY = "libc++";
				CLANG_ENABLE_MODULES = YES;
				CLANG_ENABLE_OBJC_ARC = YES;
				CLANG_WARN_BOOL_CONVERSION = YES;
				CLANG_WARN_CONSTANT_CONVERSION = YES;
				CLANG_WARN_DIRECT_OBJC_ISA_USAGE = YES_ERROR;
				CLANG_WARN_EMPTY_BODY = YES;
				CLANG_WARN_ENUM_CONVERSION = YES;
				CLANG_WARN_INFINITE_RECURSION = YES;
				CLANG_WARN_INT_CONVERSION = YES;
				CLANG_WARN_OBJC_ROOT_CLASS = YES_ERROR;
				CLANG_WARN_SUSPICIOUS_MOVE = YES;
				CLANG_WARN_UNREACHABLE_CODE = YES;
				CLANG_WARN__DUPLICATE_METHOD_MATCH = YES;
				"CODE_SIGN_IDENTITY[sdk=iphoneos*]" = "iPhone Developer";
				COPY_PHASE_STRIP = NO;
				CURRENT_PROJECT_VERSION = 1;
				DEBUG_INFORMATION_FORMAT = "dwarf-with-dsym";
				ENABLE_NS_ASSERTIONS = NO;
				ENABLE_STRICT_OBJC_MSGSEND = YES;
				GCC_C_LANGUAGE_STANDARD = gnu99;
				GCC_NO_COMMON_BLOCKS = YES;
				GCC_WARN_64_TO_32_BIT_CONVERSION = YES;
				GCC_WARN_ABOUT_RETURN_TYPE = YES_ERROR;
				GCC_WARN_UNDECLARED_SELECTOR = YES;
				GCC_WARN_UNINITIALIZED_AUTOS = YES_AGGRESSIVE;
				GCC_WARN_UNUSED_FUNCTION = YES;
				GCC_WARN_UNUSED_VARIABLE = YES;
				IPHONEOS_DEPLOYMENT_TARGET = 9.3;
				MTL_ENABLE_DEBUG_INFO = NO;
				SDKROOT = iphoneos;
				TARGETED_DEVICE_FAMILY = "1,2";
				VALIDATE_PRODUCT = YES;
				VERSIONING_SYSTEM = "apple-generic";
				VERSION_INFO_PREFIX = "";
			};
			name = Release;
		};
		D91B42881D043D5B00AAAD58 /* Debug */ = {
			isa = XCBuildConfiguration;
			buildSettings = {
				CLANG_ENABLE_MODULES = YES;
				"CODE_SIGN_IDENTITY[sdk=iphoneos*]" = "";
				DEFINES_MODULE = YES;
				DYLIB_COMPATIBILITY_VERSION = 1;
				DYLIB_CURRENT_VERSION = 1;
				DYLIB_INSTALL_NAME_BASE = "@rpath";
				FRAMEWORK_SEARCH_PATHS = (
					"$(inherited)",
					"$(PROJECT_DIR)/Carthage/Build/iOS",
				);
				HEADER_SEARCH_PATHS = "$(SDKROOT)/usr/include/libxml2";
				INFOPLIST_FILE = iTunesMusic/Info.plist;
				INSTALL_PATH = "$(LOCAL_LIBRARY_DIR)/Frameworks";
				LD_RUNPATH_SEARCH_PATHS = "$(inherited) @executable_path/Frameworks @loader_path/Frameworks";
				PRODUCT_BUNDLE_IDENTIFIER = jp.sora0077.iTunesMusic;
				PRODUCT_NAME = "$(TARGET_NAME)";
				SKIP_INSTALL = YES;
				SWIFT_OPTIMIZATION_LEVEL = "-Onone";
				SWIFT_VERSION = 3.0;
			};
			name = Debug;
		};
		D91B42891D043D5B00AAAD58 /* Release */ = {
			isa = XCBuildConfiguration;
			buildSettings = {
				CLANG_ENABLE_MODULES = YES;
				"CODE_SIGN_IDENTITY[sdk=iphoneos*]" = "";
				DEFINES_MODULE = YES;
				DYLIB_COMPATIBILITY_VERSION = 1;
				DYLIB_CURRENT_VERSION = 1;
				DYLIB_INSTALL_NAME_BASE = "@rpath";
				FRAMEWORK_SEARCH_PATHS = (
					"$(inherited)",
					"$(PROJECT_DIR)/Carthage/Build/iOS",
				);
				HEADER_SEARCH_PATHS = "$(SDKROOT)/usr/include/libxml2";
				INFOPLIST_FILE = iTunesMusic/Info.plist;
				INSTALL_PATH = "$(LOCAL_LIBRARY_DIR)/Frameworks";
				LD_RUNPATH_SEARCH_PATHS = "$(inherited) @executable_path/Frameworks @loader_path/Frameworks";
				PRODUCT_BUNDLE_IDENTIFIER = jp.sora0077.iTunesMusic;
				PRODUCT_NAME = "$(TARGET_NAME)";
				SKIP_INSTALL = YES;
				SWIFT_OPTIMIZATION_LEVEL = "-Owholemodule";
				SWIFT_VERSION = 3.0;
			};
			name = Release;
		};
		D91B428B1D043D5B00AAAD58 /* Debug */ = {
			isa = XCBuildConfiguration;
			buildSettings = {
				INFOPLIST_FILE = iTunesMusicTests/Info.plist;
				LD_RUNPATH_SEARCH_PATHS = "$(inherited) @executable_path/Frameworks @loader_path/Frameworks";
				PRODUCT_BUNDLE_IDENTIFIER = jp.sora0077.iTunesMusicTests;
				PRODUCT_NAME = "$(TARGET_NAME)";
			};
			name = Debug;
		};
		D91B428C1D043D5B00AAAD58 /* Release */ = {
			isa = XCBuildConfiguration;
			buildSettings = {
				INFOPLIST_FILE = iTunesMusicTests/Info.plist;
				LD_RUNPATH_SEARCH_PATHS = "$(inherited) @executable_path/Frameworks @loader_path/Frameworks";
				PRODUCT_BUNDLE_IDENTIFIER = jp.sora0077.iTunesMusicTests;
				PRODUCT_NAME = "$(TARGET_NAME)";
				SWIFT_OPTIMIZATION_LEVEL = "-Owholemodule";
			};
			name = Release;
		};
		D929E46C1D1EE9510045C316 /* Debug */ = {
			isa = XCBuildConfiguration;
			buildSettings = {
				ALWAYS_EMBED_SWIFT_STANDARD_LIBRARIES = YES;
				ASSETCATALOG_COMPILER_APPICON_NAME = AppIcon;
				"CODE_SIGN_IDENTITY[sdk=iphoneos*]" = "iPhone Developer";
				FRAMEWORK_SEARCH_PATHS = (
					"$(inherited)",
					"$(PROJECT_DIR)/Carthage/Build/iOS",
				);
				INFOPLIST_FILE = Demo/Info.plist;
				LD_RUNPATH_SEARCH_PATHS = "$(inherited) @executable_path/Frameworks";
				OTHER_SWIFT_FLAGS = "-DDEBUG";
				PRODUCT_BUNDLE_IDENTIFIER = jp.sora0077.Demo;
				PRODUCT_NAME = "$(TARGET_NAME)";
				SWIFT_VERSION = 3.0;
			};
			name = Debug;
		};
		D929E46D1D1EE9510045C316 /* Release */ = {
			isa = XCBuildConfiguration;
			buildSettings = {
				ALWAYS_EMBED_SWIFT_STANDARD_LIBRARIES = YES;
				ASSETCATALOG_COMPILER_APPICON_NAME = AppIcon;
				"CODE_SIGN_IDENTITY[sdk=iphoneos*]" = "iPhone Developer";
				FRAMEWORK_SEARCH_PATHS = (
					"$(inherited)",
					"$(PROJECT_DIR)/Carthage/Build/iOS",
				);
				INFOPLIST_FILE = Demo/Info.plist;
				LD_RUNPATH_SEARCH_PATHS = "$(inherited) @executable_path/Frameworks";
				PRODUCT_BUNDLE_IDENTIFIER = jp.sora0077.Demo;
				PRODUCT_NAME = "$(TARGET_NAME)";
				SWIFT_OPTIMIZATION_LEVEL = "-Owholemodule";
				SWIFT_VERSION = 3.0;
			};
			name = Release;
		};
		D929E46F1D1EE9510045C316 /* Debug */ = {
			isa = XCBuildConfiguration;
			buildSettings = {
				BUNDLE_LOADER = "$(TEST_HOST)";
				INFOPLIST_FILE = DemoTests/Info.plist;
				LD_RUNPATH_SEARCH_PATHS = "$(inherited) @executable_path/Frameworks @loader_path/Frameworks";
				PRODUCT_BUNDLE_IDENTIFIER = jp.sora0077.DemoTests;
				PRODUCT_NAME = "$(TARGET_NAME)";
				SWIFT_VERSION = 3.0;
				TEST_HOST = "$(BUILT_PRODUCTS_DIR)/Demo.app/Demo";
			};
			name = Debug;
		};
		D929E4701D1EE9510045C316 /* Release */ = {
			isa = XCBuildConfiguration;
			buildSettings = {
				BUNDLE_LOADER = "$(TEST_HOST)";
				INFOPLIST_FILE = DemoTests/Info.plist;
				LD_RUNPATH_SEARCH_PATHS = "$(inherited) @executable_path/Frameworks @loader_path/Frameworks";
				PRODUCT_BUNDLE_IDENTIFIER = jp.sora0077.DemoTests;
				PRODUCT_NAME = "$(TARGET_NAME)";
				SWIFT_OPTIMIZATION_LEVEL = "-Owholemodule";
				SWIFT_VERSION = 3.0;
				TEST_HOST = "$(BUILT_PRODUCTS_DIR)/Demo.app/Demo";
			};
			name = Release;
		};
/* End XCBuildConfiguration section */

/* Begin XCConfigurationList section */
		D91B426D1D043D5A00AAAD58 /* Build configuration list for PBXProject "iTunesMusic" */ = {
			isa = XCConfigurationList;
			buildConfigurations = (
				D91B42851D043D5B00AAAD58 /* Debug */,
				D91B42861D043D5B00AAAD58 /* Release */,
			);
			defaultConfigurationIsVisible = 0;
			defaultConfigurationName = Release;
		};
		D91B42871D043D5B00AAAD58 /* Build configuration list for PBXNativeTarget "iTunesMusic" */ = {
			isa = XCConfigurationList;
			buildConfigurations = (
				D91B42881D043D5B00AAAD58 /* Debug */,
				D91B42891D043D5B00AAAD58 /* Release */,
			);
			defaultConfigurationIsVisible = 0;
			defaultConfigurationName = Release;
		};
		D91B428A1D043D5B00AAAD58 /* Build configuration list for PBXNativeTarget "iTunesMusicTests" */ = {
			isa = XCConfigurationList;
			buildConfigurations = (
				D91B428B1D043D5B00AAAD58 /* Debug */,
				D91B428C1D043D5B00AAAD58 /* Release */,
			);
			defaultConfigurationIsVisible = 0;
			defaultConfigurationName = Release;
		};
		D929E46B1D1EE9510045C316 /* Build configuration list for PBXNativeTarget "Demo" */ = {
			isa = XCConfigurationList;
			buildConfigurations = (
				D929E46C1D1EE9510045C316 /* Debug */,
				D929E46D1D1EE9510045C316 /* Release */,
			);
			defaultConfigurationIsVisible = 0;
			defaultConfigurationName = Release;
		};
		D929E46E1D1EE9510045C316 /* Build configuration list for PBXNativeTarget "DemoTests" */ = {
			isa = XCConfigurationList;
			buildConfigurations = (
				D929E46F1D1EE9510045C316 /* Debug */,
				D929E4701D1EE9510045C316 /* Release */,
			);
			defaultConfigurationIsVisible = 0;
			defaultConfigurationName = Release;
		};
/* End XCConfigurationList section */
	};
	rootObject = D91B426A1D043D5A00AAAD58 /* Project object */;
}
